<?xml version="1.0"?>
<CONFIG>
  <ProjectOptions>
    <Version Value="9"/>
    <PathDelim Value="\"/>
    <General>
      <SessionStorage Value="InProjectDir"/>
      <MainUnit Value="0"/>
      <Title Value="appwaptservice"/>
      <ResourceType Value="res"/>
      <UseXPManifest Value="True"/>
      <Icon Value="0"/>
    </General>
    <i18n>
      <EnableI18N LFM="False"/>
    </i18n>
    <VersionInfo>
      <UseVersionInfo Value="True"/>
      <MinorVersionNr Value="1"/>
      <StringTable ProductVersion=""/>
    </VersionInfo>
    <BuildModes Count="1">
      <Item1 Name="Default" Default="True"/>
    </BuildModes>
    <PublishOptions>
      <Version Value="2"/>
      <IncludeFileFilter Value="*.(pas|pp|inc|lfm|lpr|lrs|lpi|lpk|sh|xml)"/>
      <ExcludeFileFilter Value="*.(bak|ppu|o|so);*~;backup"/>
    </PublishOptions>
    <RunParams>
      <local>
        <FormatVersion Value="1"/>
      </local>
    </RunParams>
    <RequiredPackages Count="7">
      <Item1>
        <PackageName Value="SynEdit"/>
      </Item1>
      <Item2>
        <PackageName Value="pltis_python4delphi"/>
      </Item2>
      <Item3>
        <PackageName Value="pltis_superobject"/>
      </Item3>
      <Item4>
        <PackageName Value="SQLDBLaz"/>
      </Item4>
      <Item5>
        <PackageName Value="pl_indycomp"/>
      </Item5>
      <Item6>
        <PackageName Value="FCL"/>
      </Item6>
      <Item7>
        <PackageName Value="LCL"/>
      </Item7>
    </RequiredPackages>
    <Units Count="9">
      <Unit0>
        <Filename Value="appwaptservice.lpr"/>
        <IsPartOfProject Value="True"/>
        <UnitName Value="appwaptservice"/>
      </Unit0>
      <Unit1>
        <Filename Value="uvisappwaptservice.pas"/>
        <IsPartOfProject Value="True"/>
        <ComponentName Value="VisAppWAPTService"/>
        <HasResources Value="True"/>
        <ResourceBaseClass Value="Form"/>
        <UnitName Value="uVisAppWaptService"/>
      </Unit1>
      <Unit2>
        <Filename Value="..\waptservice\waptunit.pas"/>
        <IsPartOfProject Value="True"/>
        <ComponentName Value="WaptDaemon"/>
        <HasResources Value="True"/>
        <ResourceBaseClass Value="DataModule"/>
        <UnitName Value="WaptUnit"/>
      </Unit2>
      <Unit3>
        <Filename Value="..\wapt-get\waptcommon.pas"/>
        <IsPartOfProject Value="True"/>
        <UnitName Value="waptcommon"/>
      </Unit3>
      <Unit4>
        <Filename Value="..\wapt-get\networkadapterinfo.pas"/>
        <IsPartOfProject Value="True"/>
        <UnitName Value="networkadapterinfo"/>
      </Unit4>
      <Unit5>
        <Filename Value="..\wapt-get\soutils.pas"/>
        <IsPartOfProject Value="True"/>
        <UnitName Value="soutils"/>
      </Unit5>
      <Unit6>
        <Filename Value="..\wapt-get\tisinifiles.pas"/>
        <IsPartOfProject Value="True"/>
        <UnitName Value="tisinifiles"/>
      </Unit6>
      <Unit7>
        <Filename Value="..\wapt-get\tisstrings.pas"/>
        <IsPartOfProject Value="True"/>
        <UnitName Value="tisstrings"/>
      </Unit7>
      <Unit8>
        <Filename Value="..\waptservice\UnitRedirect.pas"/>
        <IsPartOfProject Value="True"/>
        <UnitName Value="UnitRedirect"/>
      </Unit8>
    </Units>
  </ProjectOptions>
  <CompilerOptions>
    <Version Value="11"/>
    <PathDelim Value="\"/>
    <Target>
      <Filename Value="../appwaptservice"/>
    </Target>
    <SearchPaths>
      <IncludeFiles Value="$(ProjOutDir)"/>
      <OtherUnitFiles Value="..\wapt-get;..\waptservice"/>
      <UnitOutputDirectory Value="lib"/>
    </SearchPaths>
    <Linking>
      <Options>
        <Win32>
          <GraphicApplication Value="True"/>
        </Win32>
      </Options>
    </Linking>
    <Other>
      <CompilerMessages>
        <MsgFileName Value=""/>
      </CompilerMessages>
      <CompilerPath Value="$(CompPath)"/>
      <ExecuteBefore>
        <Command Value="..\utils\psservice.exe stop waptservice"/>
        <CompileReasons Compile="False" Build="False"/>
      </ExecuteBefore>
    </Other>
  </CompilerOptions>
  <Debugging>
    <Exceptions Count="4">
      <Item1>
        <Name Value="EAbort"/>
      </Item1>
      <Item2>
        <Name Value="ECodetoolError"/>
      </Item2>
      <Item3>
        <Name Value="EFOpenError"/>
      </Item3>
      <Item4>
        <Name Value="EIdConnClosedGracefully"/>
      </Item4>
    </Exceptions>
  </Debugging>
</CONFIG>
