<?xml version="1.0" encoding="UTF-8"?>
<CONFIG>
  <ProjectOptions>
    <Version Value="9"/>
    <PathDelim Value="\"/>
    <General>
      <SessionStorage Value="InProjectDir"/>
      <MainUnit Value="0"/>
      <AutoCreateForms Value="False"/>
      <Title Value="waptconsole"/>
      <ResourceType Value="res"/>
      <Icon Value="0"/>
    </General>
    <i18n>
      <EnableI18N LFM="False"/>
    </i18n>
    <VersionInfo>
      <UseVersionInfo Value="True"/>
      <AutoIncrementBuild Value="True"/>
      <MinorVersionNr Value="4"/>
      <RevisionNr Value="55"/>
      <StringTable ProductVersion=""/>
    </VersionInfo>
    <BuildModes Count="1">
      <Item1 Name="Default" Default="True"/>
    </BuildModes>
    <PublishOptions>
      <Version Value="2"/>
      <IncludeFileFilter Value="*.(pas|pp|inc|lfm|lpr|lrs|lpi|lpk|sh|xml)"/>
      <ExcludeFileFilter Value="*.(bak|ppu|o|so);*~;backup"/>
    </PublishOptions>
    <RunParams>
      <local>
        <FormatVersion Value="1"/>
      </local>
    </RunParams>
    <RequiredPackages Count="10">
      <Item1>
        <PackageName Value="pl_excontrols"/>
      </Item1>
      <Item2>
        <PackageName Value="pltis_utils"/>
      </Item2>
      <Item3>
        <PackageName Value="pltis_sogrid"/>
      </Item3>
      <Item4>
        <PackageName Value="pl_virtualtrees"/>
      </Item4>
      <Item5>
        <PackageName Value="pltis_superobject"/>
      </Item5>
      <Item6>
        <PackageName Value="pltis_python4delphi"/>
      </Item6>
      <Item7>
        <PackageName Value="pl_virtualtreesextra"/>
      </Item7>
      <Item8>
        <PackageName Value="FCL"/>
      </Item8>
      <Item9>
        <PackageName Value="SynEdit"/>
      </Item9>
      <Item10>
        <PackageName Value="LCL"/>
      </Item10>
    </RequiredPackages>
    <Units Count="18">
      <Unit0>
        <Filename Value="waptconsole.lpr"/>
        <IsPartOfProject Value="True"/>
        <UnitName Value="waptconsole"/>
      </Unit0>
      <Unit1>
        <Filename Value="uwaptconsole.pas"/>
        <IsPartOfProject Value="True"/>
        <ComponentName Value="VisWaptGUI"/>
        <HasResources Value="True"/>
        <ResourceBaseClass Value="Form"/>
        <UnitName Value="uwaptconsole"/>
      </Unit1>
      <Unit2>
        <Filename Value="..\wapt-get\waptcommon.pas"/>
        <IsPartOfProject Value="True"/>
        <UnitName Value="waptcommon"/>
      </Unit2>
      <Unit3>
        <Filename Value="uviscreatekey.pas"/>
        <IsPartOfProject Value="True"/>
        <ComponentName Value="VisCreateKey"/>
        <HasResources Value="True"/>
        <ResourceBaseClass Value="Form"/>
        <UnitName Value="uVisCreateKey"/>
      </Unit3>
      <Unit4>
        <Filename Value="dmwaptpython.pas"/>
        <IsPartOfProject Value="True"/>
        <ComponentName Value="DMPython"/>
        <HasResources Value="True"/>
        <ResourceBaseClass Value="DataModule"/>
        <UnitName Value="dmwaptpython"/>
      </Unit4>
      <Unit5>
        <Filename Value="uviseditpackage.pas"/>
        <IsPartOfProject Value="True"/>
        <ComponentName Value="VisEditPackage"/>
        <HasResources Value="True"/>
        <ResourceBaseClass Value="Form"/>
        <UnitName Value="uviseditpackage"/>
      </Unit5>
      <Unit6>
        <Filename Value="uviscreatewaptsetup.pas"/>
        <IsPartOfProject Value="True"/>
        <ComponentName Value="VisCreateWaptSetup"/>
        <HasResources Value="True"/>
        <ResourceBaseClass Value="Form"/>
        <UnitName Value="uVisCreateWaptSetup"/>
      </Unit6>
      <Unit7>
        <Filename Value="uvislogin.pas"/>
        <IsPartOfProject Value="True"/>
        <ComponentName Value="VisLogin"/>
        <HasResources Value="True"/>
        <ResourceBaseClass Value="Form"/>
        <UnitName Value="uvislogin"/>
      </Unit7>
      <Unit8>
        <Filename Value="uvisprivatekeyauth.pas"/>
        <IsPartOfProject Value="True"/>
        <ComponentName Value="visPrivateKeyAuth"/>
        <HasResources Value="True"/>
        <ResourceBaseClass Value="Form"/>
        <UnitName Value="uvisprivatekeyauth"/>
      </Unit8>
      <Unit9>
        <Filename Value="uvisloading.pas"/>
        <IsPartOfProject Value="True"/>
        <ComponentName Value="VisLoading"/>
        <HasResources Value="True"/>
        <ResourceBaseClass Value="Form"/>
        <UnitName Value="uvisloading"/>
      </Unit9>
      <Unit10>
        <Filename Value="uviswaptconfig.pas"/>
        <IsPartOfProject Value="True"/>
        <ComponentName Value="VisWAPTConfig"/>
        <HasResources Value="True"/>
        <ResourceBaseClass Value="Form"/>
        <UnitName Value="uviswaptconfig"/>
      </Unit10>
      <Unit11>
        <Filename Value="uvischangepassword.pas"/>
        <IsPartOfProject Value="True"/>
        <ComponentName Value="VisChangePassword"/>
        <HasResources Value="True"/>
        <ResourceBaseClass Value="Form"/>
        <UnitName Value="uvischangepassword"/>
      </Unit11>
      <Unit12>
        <Filename Value="uvisgroupchoice.pas"/>
        <IsPartOfProject Value="True"/>
        <ComponentName Value="visGroupChoice"/>
        <HasResources Value="True"/>
        <ResourceBaseClass Value="Form"/>
        <UnitName Value="uvisgroupchoice"/>
      </Unit12>
      <Unit13>
        <Filename Value="uviseditgroup.pas"/>
        <IsPartOfProject Value="True"/>
        <ComponentName Value="VisEditGroup"/>
        <HasResources Value="True"/>
        <ResourceBaseClass Value="Form"/>
        <UnitName Value="uviseditgroup"/>
      </Unit13>
      <Unit14>
        <Filename Value="uviswaptdeploy.pas"/>
        <IsPartOfProject Value="True"/>
        <ComponentName Value="viswaptdeploy"/>
        <HasResources Value="True"/>
        <ResourceBaseClass Value="Form"/>
        <UnitName Value="uviswaptdeploy"/>
      </Unit14>
      <Unit15>
        <Filename Value="uvishostsupgrade.pas"/>
        <IsPartOfProject Value="True"/>
        <ComponentName Value="VisHostsUpgrade"/>
        <HasResources Value="True"/>
        <ResourceBaseClass Value="Form"/>
        <UnitName Value="uvishostsupgrade"/>
      </Unit15>
      <Unit16>
        <Filename Value="uvisapropos.pas"/>
        <IsPartOfProject Value="True"/>
        <ComponentName Value="VisApropos"/>
        <HasResources Value="True"/>
        <ResourceBaseClass Value="Form"/>
        <UnitName Value="uVisAPropos"/>
      </Unit16>
      <Unit17>
        <Filename Value="uvisimportpackage.pas"/>
        <IsPartOfProject Value="True"/>
        <ComponentName Value="VisImportPackage"/>
        <HasResources Value="True"/>
        <ResourceBaseClass Value="Form"/>
        <UnitName Value="uVisImportPackage"/>
      </Unit17>
    </Units>
  </ProjectOptions>
  <CompilerOptions>
    <Version Value="11"/>
    <PathDelim Value="\"/>
    <Target>
      <Filename Value="..\waptconsole"/>
    </Target>
    <SearchPaths>
      <IncludeFiles Value="$(ProjOutDir)"/>
      <OtherUnitFiles Value="..\wapt-get"/>
      <UnitOutputDirectory Value="lib\$(TargetCPU)-$(TargetOS)"/>
    </SearchPaths>
    <CodeGeneration>
      <Checks>
        <IOChecks Value="True"/>
        <RangeChecks Value="True"/>
        <OverflowChecks Value="True"/>
        <StackChecks Value="True"/>
      </Checks>
    </CodeGeneration>
    <Linking>
      <Debugging>
        <UseExternalDbgSyms Value="True"/>
      </Debugging>
      <Options>
        <Win32>
          <GraphicApplication Value="True"/>
        </Win32>
      </Options>
    </Linking>
    <Other>
      <CompilerMessages>
        <MsgFileName Value=""/>
      </CompilerMessages>
      <CustomOptions Value="-dUseCThreads"/>
      <CompilerPath Value="$(CompPath)"/>
    </Other>
  </CompilerOptions>
  <Debugging>
    <Exceptions Count="7">
      <Item1>
        <Name Value="EAbort"/>
      </Item1>
      <Item2>
        <Name Value="ECodetoolError"/>
      </Item2>
      <Item3>
        <Name Value="EFOpenError"/>
      </Item3>
      <Item4>
        <Name Value="EPyAttributeError"/>
      </Item4>
      <Item5>
        <Name Value="EPyStopIteration"/>
      </Item5>
      <Item6>
        <Name Value="Exception"/>
      </Item6>
      <Item7>
        <Name Value="EConvertError"/>
      </Item7>
    </Exceptions>
  </Debugging>
</CONFIG>
