<?xml version="1.0" encoding="UTF-8"?>
<CONFIG>
  <ProjectOptions>
    <Version Value="10"/>
    <PathDelim Value="\"/>
    <General>
      <SessionStorage Value="InProjectDir"/>
      <MainUnit Value="0"/>
      <AutoCreateForms Value="False"/>
      <Title Value="waptconsole"/>
      <UseAppBundle Value="False"/>
      <ResourceType Value="res"/>
      <XPManifest>
        <DpiAware Value="True"/>
        <ExecutionLevel Value="highestAvailable"/>
      </XPManifest>
      <Icon Value="0"/>
    </General>
    <i18n>
      <EnableI18N Value="True"/>
      <OutDir Value="..\languages"/>
    </i18n>
    <VersionInfo>
      <UseVersionInfo Value="True"/>
      <AutoIncrementBuild Value="True"/>
      <MajorVersionNr Value="1"/>
      <MinorVersionNr Value="7"/>
      <BuildNr Value="1"/>
      <StringTable LegalCopyright="Tranquil IT Systems 2012-2018" ProductName="WAPT Enterprise Edition" ProductVersion="1.7.0"/>
    </VersionInfo>
    <BuildModes Count="1">
      <Item1 Name="Default" Default="True"/>
    </BuildModes>
    <PublishOptions>
      <Version Value="2"/>
      <IncludeFileFilter Value="*.(pas|pp|inc|lfm|lpr|lrs|lpi|lpk|sh|xml)"/>
      <ExcludeFileFilter Value="*.(bak|ppu|o|so);*~;backup"/>
    </PublishOptions>
    <RunParams>
      <local>
        <FormatVersion Value="1"/>
        <CommandLineParams Value="/ConfigFilename=localserver -w"/>
      </local>
    </RunParams>
    <RequiredPackages Count="12">
      <Item1>
        <PackageName Value="pltis_sogrid"/>
      </Item1>
      <Item2>
        <PackageName Value="pltis_virtualtreesextra"/>
      </Item2>
      <Item3>
        <PackageName Value="python4lazarus_package"/>
      </Item3>
      <Item4>
        <PackageName Value="luicontrols"/>
      </Item4>
      <Item5>
        <PackageName Value="MemDSLaz"/>
      </Item5>
      <Item6>
        <PackageName Value="RunTimeTypeInfoControls"/>
      </Item6>
      <Item7>
        <PackageName Value="pltis_wapt"/>
      </Item7>
      <Item8>
        <PackageName Value="pltis_utils"/>
      </Item8>
      <Item9>
        <PackageName Value="pltis_superobject"/>
      </Item9>
      <Item10>
        <PackageName Value="FCL"/>
      </Item10>
      <Item11>
        <PackageName Value="SynEdit"/>
      </Item11>
      <Item12>
        <PackageName Value="LCL"/>
      </Item12>
    </RequiredPackages>
    <Units Count="27">
      <Unit0>
        <Filename Value="waptconsole.lpr"/>
        <IsPartOfProject Value="True"/>
      </Unit0>
      <Unit1>
        <Filename Value="uwaptconsole.pas"/>
        <IsPartOfProject Value="True"/>
        <ComponentName Value="VisWaptGUI"/>
        <HasResources Value="True"/>
        <ResourceBaseClass Value="Form"/>
      </Unit1>
      <Unit2>
        <Filename Value="uviscreatekey.pas"/>
        <IsPartOfProject Value="True"/>
        <ComponentName Value="VisCreateKey"/>
        <HasResources Value="True"/>
        <ResourceBaseClass Value="Form"/>
        <UnitName Value="uVisCreateKey"/>
      </Unit2>
      <Unit3>
        <Filename Value="dmwaptpython.pas"/>
        <IsPartOfProject Value="True"/>
        <ComponentName Value="DMPython"/>
        <HasResources Value="True"/>
        <ResourceBaseClass Value="DataModule"/>
      </Unit3>
      <Unit4>
        <Filename Value="uviseditpackage.pas"/>
        <IsPartOfProject Value="True"/>
        <ComponentName Value="VisEditPackage"/>
        <HasResources Value="True"/>
        <ResourceBaseClass Value="Form"/>
      </Unit4>
      <Unit5>
        <Filename Value="uviscreatewaptsetup.pas"/>
        <IsPartOfProject Value="True"/>
        <ComponentName Value="VisCreateWaptSetup"/>
        <HasResources Value="True"/>
        <ResourceBaseClass Value="Form"/>
        <UnitName Value="uVisCreateWaptSetup"/>
      </Unit5>
      <Unit6>
        <Filename Value="uvislogin.pas"/>
        <IsPartOfProject Value="True"/>
        <ComponentName Value="VisLogin"/>
        <HasResources Value="True"/>
        <ResourceBaseClass Value="Form"/>
      </Unit6>
      <Unit7>
        <Filename Value="uvisprivatekeyauth.pas"/>
        <IsPartOfProject Value="True"/>
        <ComponentName Value="VisPrivateKeyAuth"/>
        <HasResources Value="True"/>
        <ResourceBaseClass Value="Form"/>
      </Unit7>
      <Unit8>
        <Filename Value="uvisloading.pas"/>
        <IsPartOfProject Value="True"/>
        <ComponentName Value="VisLoading"/>
        <HasResources Value="True"/>
        <ResourceBaseClass Value="Form"/>
      </Unit8>
      <Unit9>
        <Filename Value="uviswaptconfig.pas"/>
        <IsPartOfProject Value="True"/>
        <ComponentName Value="VisWAPTConfig"/>
        <HasResources Value="True"/>
        <ResourceBaseClass Value="Form"/>
      </Unit9>
      <Unit10>
        <Filename Value="uvischangepassword.pas"/>
        <IsPartOfProject Value="True"/>
        <ComponentName Value="VisChangePassword"/>
        <HasResources Value="True"/>
        <ResourceBaseClass Value="Form"/>
      </Unit10>
      <Unit11>
        <Filename Value="uvisgroupchoice.pas"/>
        <IsPartOfProject Value="True"/>
        <ComponentName Value="visGroupChoice"/>
        <HasResources Value="True"/>
        <ResourceBaseClass Value="Form"/>
      </Unit11>
      <Unit12>
        <Filename Value="uvistriggerhostsaction.pas"/>
        <IsPartOfProject Value="True"/>
        <ComponentName Value="VisTriggerHostsAction"/>
        <HasResources Value="True"/>
        <ResourceBaseClass Value="Form"/>
      </Unit12>
      <Unit13>
        <Filename Value="uvisapropos.pas"/>
        <IsPartOfProject Value="True"/>
        <ComponentName Value="VisApropos"/>
        <HasResources Value="True"/>
        <ResourceBaseClass Value="Form"/>
        <UnitName Value="uVisAPropos"/>
      </Unit13>
      <Unit14>
        <Filename Value="uvisimportpackage.pas"/>
        <IsPartOfProject Value="True"/>
        <ComponentName Value="VisImportPackage"/>
        <HasResources Value="True"/>
        <ResourceBaseClass Value="Form"/>
        <UnitName Value="uVisImportPackage"/>
      </Unit14>
      <Unit15>
        <Filename Value="uwaptconsoleres.pas"/>
        <IsPartOfProject Value="True"/>
        <UnitName Value="uWaptConsoleRes"/>
      </Unit15>
      <Unit16>
        <Filename Value="uviswuagroup.pas"/>
        <IsPartOfProject Value="True"/>
        <ComponentName Value="VisWUAGroup"/>
        <HasResources Value="True"/>
        <ResourceBaseClass Value="Form"/>
        <UnitName Value="uVisWUAGroup"/>
      </Unit16>
      <Unit17>
        <Filename Value="uviswaptwuaproducts.pas"/>
        <IsPartOfProject Value="True"/>
        <ComponentName Value="VisWUAProducts"/>
        <HasResources Value="True"/>
        <ResourceBaseClass Value="Form"/>
        <UnitName Value="uVisWAPTWUAProducts"/>
      </Unit17>
      <Unit18>
        <Filename Value="uviswuarules.pas"/>
        <IsPartOfProject Value="True"/>
        <ComponentName Value="VisWUARules"/>
        <HasResources Value="True"/>
        <ResourceBaseClass Value="Form"/>
      </Unit18>
      <Unit19>
        <Filename Value="uviswuaclassificationsselect.pas"/>
        <IsPartOfProject Value="True"/>
        <ComponentName Value="VisWUAClassificationsSelect"/>
        <HasResources Value="True"/>
        <ResourceBaseClass Value="Form"/>
        <UnitName Value="uVisWUAClassificationsSelect"/>
      </Unit19>
      <Unit20>
        <Filename Value="uviswuapackageselect.pas"/>
        <IsPartOfProject Value="True"/>
        <ComponentName Value="VisWUAPackageSelect"/>
        <HasResources Value="True"/>
        <ResourceBaseClass Value="Form"/>
      </Unit20>
      <Unit21>
        <Filename Value="uvispackagewizard.pas"/>
        <IsPartOfProject Value="True"/>
        <ComponentName Value="VisPackageWizard"/>
        <HasResources Value="True"/>
        <ResourceBaseClass Value="Form"/>
        <UnitName Value="uVisPackageWizard"/>
      </Unit21>
      <Unit22>
        <Filename Value="uscaledpi.pas"/>
        <IsPartOfProject Value="True"/>
        <UnitName Value="UScaleDPI"/>
      </Unit22>
      <Unit23>
        <Filename Value="uvischangekeypassword.pas"/>
        <IsPartOfProject Value="True"/>
        <ComponentName Value="VisChangeKeyPassword"/>
        <HasResources Value="True"/>
        <ResourceBaseClass Value="Form"/>
        <UnitName Value="uVisChangeKeyPassword"/>
      </Unit23>
      <Unit24>
        <Filename Value="uvisrepositories.pas"/>
        <IsPartOfProject Value="True"/>
        <ComponentName Value="VisRepositories"/>
        <HasResources Value="True"/>
        <ResourceBaseClass Value="Form"/>
      </Unit24>
      <Unit25>
        <Filename Value="uvisdisplaypreferences.pas"/>
        <IsPartOfProject Value="True"/>
        <ComponentName Value="VisDisplayPreferences"/>
        <HasResources Value="True"/>
        <ResourceBaseClass Value="Form"/>
        <UnitName Value="uVisDisplayPreferences"/>
      </Unit25>
      <Unit26>
        <Filename Value="uvishostdelete.pas"/>
        <IsPartOfProject Value="True"/>
        <ComponentName Value="VisHostDelete"/>
        <HasResources Value="True"/>
        <ResourceBaseClass Value="Form"/>
        <UnitName Value="uVisHostDelete"/>
      </Unit26>
    </Units>
  </ProjectOptions>
  <CompilerOptions>
    <Version Value="11"/>
    <PathDelim Value="\"/>
    <Target>
      <Filename Value="..\waptconsole"/>
    </Target>
    <SearchPaths>
      <IncludeFiles Value="$(ProjOutDir)"/>
      <UnitOutputDirectory Value="lib\$(TargetCPU)-$(TargetOS)"/>
    </SearchPaths>
    <CodeGeneration>
      <SmartLinkUnit Value="True"/>
      <Optimizations>
        <OptimizationLevel Value="0"/>
      </Optimizations>
    </CodeGeneration>
    <Linking>
      <Debugging>
        <UseLineInfoUnit Value="False"/>
        <StripSymbols Value="True"/>
        <UseExternalDbgSyms Value="True"/>
      </Debugging>
      <Options>
        <Win32>
          <GraphicApplication Value="True"/>
        </Win32>
      </Options>
    </Linking>
    <Other>
      <Verbosity>
        <ShowHints Value="False"/>
      </Verbosity>
      <CustomOptions Value="-dUseCThreads -dENTERPRISE"/>
    </Other>
  </CompilerOptions>
  <Debugging>
    <Exceptions Count="1">
      <Item1>
        <Name Value="EConvertError"/>
      </Item1>
    </Exceptions>
  </Debugging>
</CONFIG>
