<?xml version="1.0"?>
<CONFIG>
  <ProjectOptions>
    <Version Value="9"/>
    <PathDelim Value="\"/>
    <General>
      <SessionStorage Value="InProjectDir"/>
      <MainUnit Value="0"/>
      <Title Value="waptconsole"/>
      <ResourceType Value="res"/>
      <Icon Value="0"/>
    </General>
    <i18n>
      <EnableI18N LFM="False"/>
    </i18n>
    <VersionInfo>
      <UseVersionInfo Value="True"/>
      <RevisionNr Value="12"/>
      <StringTable ProductVersion=""/>
    </VersionInfo>
    <BuildModes Count="1">
      <Item1 Name="Default" Default="True"/>
    </BuildModes>
    <PublishOptions>
      <Version Value="2"/>
      <IncludeFileFilter Value="*.(pas|pp|inc|lfm|lpr|lrs|lpi|lpk|sh|xml)"/>
      <ExcludeFileFilter Value="*.(bak|ppu|o|so);*~;backup"/>
    </PublishOptions>
    <RunParams>
      <local>
        <FormatVersion Value="1"/>
      </local>
    </RunParams>
    <RequiredPackages Count="13">
      <Item1>
        <PackageName Value="RunTimeTypeInfoControls"/>
      </Item1>
      <Item2>
        <PackageName Value="pl_graphics32ext"/>
      </Item2>
      <Item3>
        <PackageName Value="pl_bgracontrols"/>
      </Item3>
      <Item4>
        <PackageName Value="pl_luicontrols"/>
      </Item4>
      <Item5>
        <PackageName Value="pl_glscene"/>
      </Item5>
      <Item6>
        <PackageName Value="pl_virtualtreesextra"/>
      </Item6>
      <Item7>
        <PackageName Value="pl_lazsolutions"/>
      </Item7>
      <Item8>
        <PackageName Value="FCL"/>
      </Item8>
      <Item9>
        <PackageName Value="pl_indycomp"/>
      </Item9>
      <Item10>
        <PackageName Value="pltis_python4delphi"/>
      </Item10>
      <Item11>
        <PackageName Value="SynEdit"/>
      </Item11>
      <Item12>
        <PackageName Value="pltis_superobject"/>
      </Item12>
      <Item13>
        <PackageName Value="LCL"/>
      </Item13>
    </RequiredPackages>
    <Units Count="12">
      <Unit0>
        <Filename Value="waptconsole.lpr"/>
        <IsPartOfProject Value="True"/>
        <UnitName Value="waptconsole"/>
      </Unit0>
      <Unit1>
        <Filename Value="uwaptconsole.pas"/>
        <IsPartOfProject Value="True"/>
        <ComponentName Value="VisWaptGUI"/>
        <HasResources Value="True"/>
        <ResourceBaseClass Value="Form"/>
        <UnitName Value="uwaptconsole"/>
      </Unit1>
      <Unit2>
        <Filename Value="..\wapt-get\tisstrings.pas"/>
        <IsPartOfProject Value="True"/>
        <UnitName Value="tisstrings"/>
      </Unit2>
      <Unit3>
        <Filename Value="..\wapt-get\waptcommon.pas"/>
        <IsPartOfProject Value="True"/>
        <UnitName Value="waptcommon"/>
      </Unit3>
      <Unit4>
        <Filename Value="..\wapt-get\tiscommon.pas"/>
        <IsPartOfProject Value="True"/>
        <UnitName Value="tiscommon"/>
      </Unit4>
      <Unit5>
        <Filename Value="..\wapt-get\tisinifiles.pas"/>
        <IsPartOfProject Value="True"/>
        <UnitName Value="tisinifiles"/>
      </Unit5>
      <Unit6>
        <Filename Value="uviscreatekey.pas"/>
        <IsPartOfProject Value="True"/>
        <ComponentName Value="VisCreateKey"/>
        <HasResources Value="True"/>
        <ResourceBaseClass Value="Form"/>
        <UnitName Value="uVisCreateKey"/>
      </Unit6>
      <Unit7>
        <Filename Value="dmwaptpython.pas"/>
        <IsPartOfProject Value="True"/>
        <ComponentName Value="DMPython"/>
        <HasResources Value="True"/>
        <ResourceBaseClass Value="DataModule"/>
        <UnitName Value="dmwaptpython"/>
      </Unit7>
      <Unit8>
        <Filename Value="uviseditpackage.pas"/>
        <IsPartOfProject Value="True"/>
        <ComponentName Value="VisEditPackage"/>
        <HasResources Value="True"/>
        <ResourceBaseClass Value="Form"/>
        <UnitName Value="uviseditpackage"/>
      </Unit8>
      <Unit9>
        <Filename Value="uviscreatewaptsetup.pas"/>
        <IsPartOfProject Value="True"/>
        <ComponentName Value="VisCreateWaptSetup"/>
        <HasResources Value="True"/>
        <ResourceBaseClass Value="Form"/>
        <UnitName Value="uVisCreateWaptSetup"/>
      </Unit9>
      <Unit10>
        <Filename Value="uvispassword.pas"/>
        <IsPartOfProject Value="True"/>
        <ComponentName Value="VisPassword"/>
        <HasResources Value="True"/>
        <ResourceBaseClass Value="Form"/>
        <UnitName Value="uvispassword"/>
      </Unit10>
      <Unit11>
        <Filename Value="uvisprivatekeyauth.pas"/>
        <IsPartOfProject Value="True"/>
        <ComponentName Value="visPrivateKeyAuth"/>
        <ResourceBaseClass Value="Form"/>
        <UnitName Value="uvisprivatekeyauth"/>
      </Unit11>
    </Units>
  </ProjectOptions>
  <CompilerOptions>
    <Version Value="11"/>
    <PathDelim Value="\"/>
    <Target>
      <Filename Value="..\waptconsole"/>
    </Target>
    <SearchPaths>
      <IncludeFiles Value="$(ProjOutDir)"/>
      <OtherUnitFiles Value="..\wapt-get"/>
      <UnitOutputDirectory Value="lib\$(TargetCPU)-$(TargetOS)"/>
    </SearchPaths>
    <Linking>
      <Debugging>
        <UseExternalDbgSyms Value="True"/>
      </Debugging>
      <LinkSmart Value="True"/>
      <Options>
        <Win32>
          <GraphicApplication Value="True"/>
        </Win32>
      </Options>
    </Linking>
    <Other>
      <CompilerMessages>
        <MsgFileName Value=""/>
      </CompilerMessages>
      <CompilerPath Value="$(CompPath)"/>
    </Other>
  </CompilerOptions>
  <Debugging>
    <Exceptions Count="4">
      <Item1>
        <Name Value="EAbort"/>
      </Item1>
      <Item2>
        <Name Value="ECodetoolError"/>
      </Item2>
      <Item3>
        <Name Value="EFOpenError"/>
      </Item3>
      <Item4>
        <Name Value="EPyAttributeError"/>
      </Item4>
    </Exceptions>
  </Debugging>
</CONFIG>
