<?xml version="1.0"?>
<CONFIG>
  <ProjectOptions>
    <Version Value="9"/>
    <PathDelim Value="\"/>
    <General>
      <Flags>
        <MainUnitHasCreateFormStatements Value="False"/>
      </Flags>
      <MainUnit Value="0"/>
      <Title Value="wapt-get"/>
      <UseAppBundle Value="False"/>
      <ResourceType Value="res"/>
      <Icon Value="0"/>
      <ActiveWindowIndexAtStart Value="0"/>
    </General>
    <i18n>
      <EnableI18N LFM="False"/>
    </i18n>
    <VersionInfo>
      <UseVersionInfo Value="True"/>
      <AutoIncrementBuild Value="True"/>
      <MinorVersionNr Value="6"/>
      <RevisionNr Value="9"/>
      <StringTable CompanyName="Tranquil IT Systems" ProductName="WAPT Installation" ProductVersion=""/>
    </VersionInfo>
    <BuildModes Count="1" Active="Default">
      <Item1 Name="Default" Default="True"/>
    </BuildModes>
    <PublishOptions>
      <Version Value="2"/>
      <IncludeFileFilter Value="*.(pas|pp|inc|lfm|lpr|lrs|lpi|lpk|sh|xml)"/>
      <ExcludeFileFilter Value="*.(bak|ppu|o|so);*~;backup"/>
    </PublishOptions>
    <RunParams>
      <local>
        <FormatVersion Value="1"/>
        <CommandLineParams Value="waptupgrade"/>
        <LaunchingApplication PathPlusParams="\usr\bin\xterm -T 'Lazarus Run Output' -e $(LazarusDir)\tools\runwait.sh $(TargetCmdLine)"/>
      </local>
    </RunParams>
    <RequiredPackages Count="4">
      <Item1>
        <PackageName Value="FCL"/>
      </Item1>
      <Item2>
        <PackageName Value="pltis_python4delphi"/>
      </Item2>
      <Item3>
        <PackageName Value="pltis_superobject"/>
      </Item3>
      <Item4>
        <PackageName Value="pl_indycomp"/>
      </Item4>
    </RequiredPackages>
    <Units Count="14">
      <Unit0>
        <Filename Value="waptget.lpr"/>
        <IsPartOfProject Value="True"/>
        <UnitName Value="waptget"/>
        <EditorIndex Value="4"/>
        <WindowIndex Value="0"/>
        <TopLine Value="176"/>
        <CursorPos X="38" Y="200"/>
        <UsageCount Value="222"/>
        <Loaded Value="True"/>
      </Unit0>
      <Unit1>
        <Filename Value="waptcommon.pas"/>
        <IsPartOfProject Value="True"/>
        <UnitName Value="waptcommon"/>
        <IsVisibleTab Value="True"/>
        <EditorIndex Value="0"/>
        <WindowIndex Value="0"/>
        <TopLine Value="85"/>
        <CursorPos X="3" Y="144"/>
        <UsageCount Value="207"/>
        <Loaded Value="True"/>
      </Unit1>
      <Unit2>
        <Filename Value="..\..\indy\IdDNSResolver.pas"/>
        <UnitName Value="IdDNSResolver"/>
        <WindowIndex Value="0"/>
        <TopLine Value="507"/>
        <CursorPos X="25" Y="544"/>
        <UsageCount Value="48"/>
      </Unit2>
      <Unit3>
        <Filename Value="..\jcl\source\common\JclSysInfo.pas"/>
        <UnitName Value="JclSysInfo"/>
        <WindowIndex Value="0"/>
        <TopLine Value="5575"/>
        <CursorPos X="47" Y="5598"/>
        <UsageCount Value="222"/>
      </Unit3>
      <Unit4>
        <Filename Value="..\jcl\source\include\jcl.inc"/>
        <WindowIndex Value="0"/>
        <TopLine Value="1"/>
        <CursorPos X="1" Y="1"/>
        <UsageCount Value="222"/>
      </Unit4>
      <Unit5>
        <Filename Value="..\superobject\superobject.pas"/>
        <UnitName Value="superobject"/>
        <WindowIndex Value="0"/>
        <TopLine Value="3146"/>
        <CursorPos X="31" Y="3164"/>
        <UsageCount Value="211"/>
      </Unit5>
      <Unit6>
        <Filename Value="soutils.pas"/>
        <IsPartOfProject Value="True"/>
        <UnitName Value="soutils"/>
        <WindowIndex Value="0"/>
        <TopLine Value="37"/>
        <CursorPos X="1" Y="44"/>
        <UsageCount Value="200"/>
      </Unit6>
      <Unit7>
        <Filename Value="tiscommon.pas"/>
        <IsPartOfProject Value="True"/>
        <UnitName Value="tiscommon"/>
        <EditorIndex Value="5"/>
        <WindowIndex Value="0"/>
        <TopLine Value="243"/>
        <CursorPos X="76" Y="246"/>
        <UsageCount Value="200"/>
        <Loaded Value="True"/>
      </Unit7>
      <Unit8>
        <Filename Value="..\jcl\source\common\JclUnicode.pas"/>
        <UnitName Value="JclUnicode"/>
        <WindowIndex Value="0"/>
        <TopLine Value="4724"/>
        <CursorPos X="33" Y="4747"/>
        <UsageCount Value="37"/>
      </Unit8>
      <Unit9>
        <Filename Value="tisstrings.pas"/>
        <IsPartOfProject Value="True"/>
        <UnitName Value="tisstrings"/>
        <EditorIndex Value="2"/>
        <WindowIndex Value="0"/>
        <TopLine Value="1840"/>
        <CursorPos X="1" Y="1883"/>
        <UsageCount Value="260"/>
        <Loaded Value="True"/>
      </Unit9>
      <Unit10>
        <Filename Value="tisinifiles.pas"/>
        <IsPartOfProject Value="True"/>
        <UnitName Value="tisinifiles"/>
        <EditorIndex Value="3"/>
        <WindowIndex Value="0"/>
        <TopLine Value="49"/>
        <CursorPos X="1" Y="49"/>
        <UsageCount Value="259"/>
        <Loaded Value="True"/>
      </Unit10>
      <Unit11>
        <Filename Value="C:\codetyphon\lazarus\components\pl_Indy\source\base\IdDNSResolver.pas"/>
        <UnitName Value="IdDNSResolver"/>
        <WindowIndex Value="0"/>
        <TopLine Value="190"/>
        <CursorPos X="21" Y="208"/>
        <UsageCount Value="37"/>
      </Unit11>
      <Unit12>
        <Filename Value="networkadapterinfo.pas"/>
        <IsPartOfProject Value="True"/>
        <UnitName Value="NetworkAdapterInfo"/>
        <WindowIndex Value="0"/>
        <TopLine Value="108"/>
        <CursorPos X="10" Y="94"/>
        <UsageCount Value="255"/>
      </Unit12>
      <Unit13>
        <Filename Value="C:\codetyphon\fpcsrc\rtl\inc\objpash.inc"/>
        <EditorIndex Value="1"/>
        <WindowIndex Value="0"/>
        <TopLine Value="172"/>
        <CursorPos X="23" Y="192"/>
        <UsageCount Value="59"/>
        <Loaded Value="True"/>
      </Unit13>
    </Units>
    <JumpHistory Count="29" HistoryIndex="28">
      <Position1>
        <Filename Value="waptget.lpr"/>
        <Caret Line="279" Column="3" TopLine="262"/>
      </Position1>
      <Position2>
        <Filename Value="waptget.lpr"/>
        <Caret Line="242" Column="74" TopLine="214"/>
      </Position2>
      <Position3>
        <Filename Value="waptget.lpr"/>
        <Caret Line="52" Column="14" TopLine="34"/>
      </Position3>
      <Position4>
        <Filename Value="waptget.lpr"/>
        <Caret Line="53" Column="15" TopLine="34"/>
      </Position4>
      <Position5>
        <Filename Value="waptget.lpr"/>
        <Caret Line="153" Column="23" TopLine="135"/>
      </Position5>
      <Position6>
        <Filename Value="waptget.lpr"/>
        <Caret Line="152" Column="23" TopLine="135"/>
      </Position6>
      <Position7>
        <Filename Value="waptget.lpr"/>
        <Caret Line="153" Column="5" TopLine="135"/>
      </Position7>
      <Position8>
        <Filename Value="waptget.lpr"/>
        <Caret Line="234" Column="20" TopLine="216"/>
      </Position8>
      <Position9>
        <Filename Value="waptget.lpr"/>
        <Caret Line="281" Column="3" TopLine="264"/>
      </Position9>
      <Position10>
        <Filename Value="waptget.lpr"/>
        <Caret Line="299" Column="19" TopLine="281"/>
      </Position10>
      <Position11>
        <Filename Value="waptget.lpr"/>
        <Caret Line="225" Column="6" TopLine="185"/>
      </Position11>
      <Position12>
        <Filename Value="waptget.lpr"/>
        <Caret Line="164" Column="34" TopLine="141"/>
      </Position12>
      <Position13>
        <Filename Value="waptget.lpr"/>
        <Caret Line="161" Column="40" TopLine="141"/>
      </Position13>
      <Position14>
        <Filename Value="waptcommon.pas"/>
        <Caret Line="55" Column="1" TopLine="55"/>
      </Position14>
      <Position15>
        <Filename Value="waptget.lpr"/>
        <Caret Line="115" Column="22" TopLine="108"/>
      </Position15>
      <Position16>
        <Filename Value="waptget.lpr"/>
        <Caret Line="319" Column="1" TopLine="284"/>
      </Position16>
      <Position17>
        <Filename Value="waptget.lpr"/>
        <Caret Line="115" Column="24" TopLine="97"/>
      </Position17>
      <Position18>
        <Filename Value="waptget.lpr"/>
        <Caret Line="142" Column="13" TopLine="131"/>
      </Position18>
      <Position19>
        <Filename Value="waptget.lpr"/>
        <Caret Line="160" Column="29" TopLine="136"/>
      </Position19>
      <Position20>
        <Filename Value="waptget.lpr"/>
        <Caret Line="57" Column="61" TopLine="30"/>
      </Position20>
      <Position21>
        <Filename Value="waptget.lpr"/>
        <Caret Line="80" Column="29" TopLine="53"/>
      </Position21>
      <Position22>
        <Filename Value="waptget.lpr"/>
        <Caret Line="82" Column="14" TopLine="55"/>
      </Position22>
      <Position23>
        <Filename Value="waptget.lpr"/>
        <Caret Line="83" Column="13" TopLine="56"/>
      </Position23>
      <Position24>
        <Filename Value="waptget.lpr"/>
        <Caret Line="84" Column="21" TopLine="57"/>
      </Position24>
      <Position25>
        <Filename Value="waptget.lpr"/>
        <Caret Line="87" Column="30" TopLine="60"/>
      </Position25>
      <Position26>
        <Filename Value="waptget.lpr"/>
        <Caret Line="89" Column="14" TopLine="62"/>
      </Position26>
      <Position27>
        <Filename Value="waptget.lpr"/>
        <Caret Line="90" Column="11" TopLine="63"/>
      </Position27>
      <Position28>
        <Filename Value="waptget.lpr"/>
        <Caret Line="120" Column="12" TopLine="93"/>
      </Position28>
      <Position29>
        <Filename Value="waptget.lpr"/>
        <Caret Line="163" Column="26" TopLine="140"/>
      </Position29>
    </JumpHistory>
  </ProjectOptions>
  <CompilerOptions>
    <Version Value="11"/>
    <PathDelim Value="\"/>
    <Target>
      <Filename Value="..\wapt-get"/>
    </Target>
    <SearchPaths>
      <IncludeFiles Value="$(ProjOutDir)"/>
      <UnitOutputDirectory Value="lib"/>
    </SearchPaths>
    <CodeGeneration>
      <Checks>
        <RangeChecks Value="True"/>
        <OverflowChecks Value="True"/>
      </Checks>
      <Optimizations>
        <OptimizationLevel Value="0"/>
      </Optimizations>
    </CodeGeneration>
    <Linking>
      <Debugging>
        <StripSymbols Value="True"/>
        <UseExternalDbgSyms Value="True"/>
      </Debugging>
      <LinkSmart Value="True"/>
    </Linking>
    <Other>
      <CompilerMessages>
        <UseMsgFile Value="True"/>
      </CompilerMessages>
      <CompilerPath Value="$(CompPath)"/>
    </Other>
  </CompilerOptions>
  <Debugging>
    <BreakPoints Count="6">
      <Item1>
        <Kind Value="bpkSource"/>
        <WatchScope Value="wpsGlobal"/>
        <WatchKind Value="wpkWrite"/>
        <Source Value="C:\lazarus\fpc\2.6.0\source\packages\paszlib\src\zipper.pp"/>
        <Line Value="1757"/>
      </Item1>
      <Item2>
        <Kind Value="bpkSource"/>
        <WatchScope Value="wpsGlobal"/>
        <WatchKind Value="wpkWrite"/>
        <Source Value="C:\lazarus\fpc\2.6.0\source\packages\paszlib\src\zipper.pp"/>
        <Line Value="1853"/>
      </Item2>
      <Item3>
        <Kind Value="bpkSource"/>
        <WatchScope Value="wpsLocal"/>
        <WatchKind Value="wpkWrite"/>
        <Source Value="C:\codetyphon\fpcsrc\rtl\objpas\objpas.pp"/>
        <Line Value="230"/>
      </Item3>
      <Item4>
        <Kind Value="bpkSource"/>
        <WatchScope Value="wpsLocal"/>
        <WatchKind Value="wpkWrite"/>
        <Source Value="C:\codetyphon\fpcsrc\rtl\objpas\sysutils\fina.inc"/>
        <Line Value="36"/>
      </Item4>
      <Item5>
        <Kind Value="bpkSource"/>
        <WatchScope Value="wpsLocal"/>
        <WatchKind Value="wpkWrite"/>
        <Source Value="C:\codetyphon\fpcsrc\rtl\inc\ustrings.inc"/>
        <Line Value="2003"/>
      </Item5>
      <Item6>
        <Kind Value="bpkSource"/>
        <WatchScope Value="wpsLocal"/>
        <WatchKind Value="wpkWrite"/>
        <Source Value="C:\codetyphon\fpcsrc\packages\fcl-registry\src\winreg.inc"/>
        <Line Value="151"/>
      </Item6>
    </BreakPoints>
    <Exceptions Count="3">
      <Item1>
        <Name Value="EAbort"/>
      </Item1>
      <Item2>
        <Name Value="ECodetoolError"/>
      </Item2>
      <Item3>
        <Name Value="EFOpenError"/>
      </Item3>
    </Exceptions>
  </Debugging>
  <EditorMacros Count="0"/>
</CONFIG>
