<?xml version="1.0" encoding="UTF-8"?>
<CONFIG>
  <ProjectOptions>
    <Version Value="10"/>
    <PathDelim Value="\"/>
    <General>
      <Flags>
        <MainUnitHasCreateFormStatements Value="False"/>
      </Flags>
      <MainUnit Value="0"/>
      <Title Value="wapt-get"/>
      <UseAppBundle Value="False"/>
      <ResourceType Value="res"/>
      <Icon Value="0"/>
    </General>
    <i18n>
      <EnableI18N Value="True" LFM="False"/>
      <OutDir Value="..\languages"/>
    </i18n>
    <VersionInfo>
      <UseVersionInfo Value="True"/>
      <AutoIncrementBuild Value="True"/>
      <MajorVersionNr Value="1"/>
      <MinorVersionNr Value="6"/>
      <RevisionNr Value="2"/>
      <StringTable CompanyName="Tranquil IT Systems" LegalCopyright="Tranquil IT Systems 2012-2018" ProductName="WAPT Enterprise Edition" ProductVersion="1.6.1"/>
    </VersionInfo>
    <BuildModes Count="1" Active="Default">
      <Item1 Name="Default" Default="True"/>
    </BuildModes>
    <PublishOptions>
      <Version Value="2"/>
      <IncludeFileFilter Value="*.(pas|pp|inc|lfm|lpr|lrs|lpi|lpk|sh|xml)"/>
      <ExcludeFileFilter Value="*.(bak|ppu|o|so);*~;backup"/>
    </PublishOptions>
    <RunParams>
      <local>
        <FormatVersion Value="1"/>
        <CommandLineParams Value="-f -S update"/>
      </local>
    </RunParams>
    <RequiredPackages Count="4">
      <Item1>
        <PackageName Value="pltis_wapt"/>
      </Item1>
      <Item2>
        <PackageName Value="pltis_utils"/>
      </Item2>
      <Item3>
        <PackageName Value="FCL"/>
      </Item3>
      <Item4>
        <PackageName Value="pltis_superobject"/>
      </Item4>
    </RequiredPackages>
    <Units Count="6">
      <Unit0>
        <Filename Value="waptget.lpr"/>
        <IsPartOfProject Value="True"/>
        <IsVisibleTab Value="True"/>
        <EditorIndex Value="-1"/>
        <TopLine Value="481"/>
        <CursorPos Y="500"/>
        <UsageCount Value="222"/>
        <DefaultSyntaxHighlighter Value="Delphi"/>
      </Unit0>
      <Unit1>
        <Filename Value="..\..\pltis_superobject\source\superobject.pas"/>
        <EditorIndex Value="-1"/>
        <TopLine Value="2132"/>
        <CursorPos Y="2148"/>
        <UsageCount Value="10"/>
      </Unit1>
      <Unit2>
        <Filename Value="C:\lazarus\fpc\3.0.4\source\rtl\objpas\classes\classesh.inc"/>
        <EditorIndex Value="-1"/>
        <TopLine Value="1608"/>
        <CursorPos X="15" Y="1623"/>
        <UsageCount Value="10"/>
      </Unit2>
      <Unit3>
        <Filename Value="C:\lazarus\fpc\3.0.4\source\rtl\win\wininc\func.inc"/>
        <EditorIndex Value="-1"/>
        <TopLine Value="121"/>
        <CursorPos X="10" Y="135"/>
        <UsageCount Value="10"/>
      </Unit3>
      <Unit4>
        <Filename Value="C:\lazarus\fpc\3.0.4\source\rtl\inc\objpash.inc"/>
        <EditorIndex Value="-1"/>
        <TopLine Value="188"/>
        <CursorPos X="21" Y="203"/>
        <UsageCount Value="10"/>
      </Unit4>
      <Unit5>
        <Filename Value="C:\lazarus\fpc\3.0.4\source\rtl\win\tthread.inc"/>
        <EditorIndex Value="-1"/>
        <TopLine Value="41"/>
        <CursorPos X="3" Y="43"/>
        <UsageCount Value="10"/>
      </Unit5>
    </Units>
    <JumpHistory HistoryIndex="-1"/>
  </ProjectOptions>
  <CompilerOptions>
    <Version Value="11"/>
    <PathDelim Value="\"/>
    <Target>
      <Filename Value="..\wapt-get"/>
    </Target>
    <SearchPaths>
      <IncludeFiles Value="$(ProjOutDir)"/>
      <UnitOutputDirectory Value="lib"/>
    </SearchPaths>
    <Parsing>
      <SyntaxOptions>
        <SyntaxMode Value="Delphi"/>
      </SyntaxOptions>
    </Parsing>
    <CodeGeneration>
      <SmartLinkUnit Value="True"/>
      <RelocatableUnit Value="True"/>
      <SmallerCode Value="True"/>
    </CodeGeneration>
    <Linking>
      <Debugging>
        <StripSymbols Value="True"/>
        <UseExternalDbgSyms Value="True"/>
      </Debugging>
      <LinkSmart Value="True"/>
    </Linking>
    <Other>
      <Verbosity>
        <ShowHintsForUnusedUnitsInMainSrc Value="True"/>
      </Verbosity>
      <CustomOptions Value="-dUseCThreads -dENTERPRISE"/>
    </Other>
  </CompilerOptions>
</CONFIG>
