<?xml version="1.0"?>
<CONFIG>
  <ProjectOptions>
    <Version Value="9"/>
    <PathDelim Value="\"/>
    <General>
      <Flags>
        <MainUnitHasCreateFormStatements Value="False"/>
      </Flags>
      <MainUnit Value="0"/>
      <Title Value="wapt-get"/>
      <UseAppBundle Value="False"/>
      <ResourceType Value="res"/>
      <Icon Value="0"/>
      <ActiveWindowIndexAtStart Value="0"/>
    </General>
    <i18n>
      <EnableI18N LFM="False"/>
    </i18n>
    <VersionInfo>
      <UseVersionInfo Value="True"/>
      <AutoIncrementBuild Value="True"/>
      <MinorVersionNr Value="5"/>
      <RevisionNr Value="11"/>
      <StringTable CompanyName="Tranquil IT Systems" ProductName="WAPT Installation" ProductVersion=""/>
    </VersionInfo>
    <BuildModes Count="1" Active="Default">
      <Item1 Name="Default" Default="True"/>
    </BuildModes>
    <PublishOptions>
      <Version Value="2"/>
      <IncludeFileFilter Value="*.(pas|pp|inc|lfm|lpr|lrs|lpi|lpk|sh|xml)"/>
      <ExcludeFileFilter Value="*.(bak|ppu|o|so);*~;backup"/>
    </PublishOptions>
    <RunParams>
      <local>
        <FormatVersion Value="1"/>
        <CommandLineParams Value="waptsetup"/>
      </local>
    </RunParams>
    <RequiredPackages Count="5">
      <Item1>
        <PackageName Value="FCL"/>
      </Item1>
      <Item2>
        <PackageName Value="pltis_python4delphi"/>
      </Item2>
      <Item3>
        <PackageName Value="pltis_jcl"/>
      </Item3>
      <Item4>
        <PackageName Value="pltis_superobject"/>
      </Item4>
      <Item5>
        <PackageName Value="pl_indycomp"/>
      </Item5>
    </RequiredPackages>
    <Units Count="26">
      <Unit0>
        <Filename Value="waptget.lpr"/>
        <IsPartOfProject Value="True"/>
        <UnitName Value="waptget"/>
        <EditorIndex Value="0"/>
        <WindowIndex Value="0"/>
        <TopLine Value="1"/>
        <CursorPos X="16" Y="8"/>
        <UsageCount Value="222"/>
        <Loaded Value="True"/>
      </Unit0>
      <Unit1>
        <Filename Value="C:\lazarus\fpc\2.6.0\source\packages\fcl-base\src\custapp.pp"/>
        <UnitName Value="CustApp"/>
        <WindowIndex Value="0"/>
        <TopLine Value="41"/>
        <CursorPos X="14" Y="60"/>
        <UsageCount Value="9"/>
      </Unit1>
      <Unit2>
        <Filename Value="waptcommon.pas"/>
        <IsPartOfProject Value="True"/>
        <UnitName Value="waptcommon"/>
        <WindowIndex Value="0"/>
        <TopLine Value="49"/>
        <CursorPos X="16" Y="7"/>
        <UsageCount Value="207"/>
        <Bookmarks Count="1">
          <Item0 X="1" Y="27" ID="2"/>
        </Bookmarks>
      </Unit2>
      <Unit3>
        <Filename Value="..\..\indy\IdDNSResolver.pas"/>
        <UnitName Value="IdDNSResolver"/>
        <WindowIndex Value="0"/>
        <TopLine Value="507"/>
        <CursorPos X="25" Y="544"/>
        <UsageCount Value="98"/>
      </Unit3>
      <Unit4>
        <Filename Value="C:\codetyphon\fpcsrc\rtl\inc\systemh.inc"/>
        <WindowIndex Value="0"/>
        <TopLine Value="395"/>
        <CursorPos X="3" Y="409"/>
        <UsageCount Value="10"/>
      </Unit4>
      <Unit5>
        <Filename Value="..\jcl\source\common\JclSysInfo.pas"/>
        <UnitName Value="JclSysInfo"/>
        <WindowIndex Value="0"/>
        <TopLine Value="5575"/>
        <CursorPos X="47" Y="5598"/>
        <UsageCount Value="272"/>
      </Unit5>
      <Unit6>
        <Filename Value="..\jcl\source\include\jcl.inc"/>
        <WindowIndex Value="0"/>
        <TopLine Value="1"/>
        <CursorPos X="1" Y="1"/>
        <UsageCount Value="272"/>
      </Unit6>
      <Unit7>
        <Filename Value="..\superobject\superobject.pas"/>
        <UnitName Value="superobject"/>
        <WindowIndex Value="0"/>
        <TopLine Value="3146"/>
        <CursorPos X="31" Y="3164"/>
        <UsageCount Value="261"/>
      </Unit7>
      <Unit8>
        <Filename Value="C:\codetyphon\fpcsrc\rtl\win\wininc\base.inc"/>
        <WindowIndex Value="0"/>
        <TopLine Value="183"/>
        <CursorPos X="6" Y="197"/>
        <UsageCount Value="12"/>
      </Unit8>
      <Unit9>
        <Filename Value="soutils.pas"/>
        <IsPartOfProject Value="True"/>
        <UnitName Value="soutils"/>
        <EditorIndex Value="3"/>
        <WindowIndex Value="0"/>
        <TopLine Value="41"/>
        <CursorPos X="48" Y="52"/>
        <UsageCount Value="181"/>
        <Loaded Value="True"/>
      </Unit9>
      <Unit10>
        <Filename Value="tiscommon.pas"/>
        <IsPartOfProject Value="True"/>
        <UnitName Value="tiscommon"/>
        <WindowIndex Value="0"/>
        <TopLine Value="325"/>
        <CursorPos X="21" Y="333"/>
        <UsageCount Value="181"/>
      </Unit10>
      <Unit11>
        <Filename Value="..\jcl\source\common\JclUnicode.pas"/>
        <UnitName Value="JclUnicode"/>
        <WindowIndex Value="0"/>
        <TopLine Value="4724"/>
        <CursorPos X="33" Y="4747"/>
        <UsageCount Value="87"/>
      </Unit11>
      <Unit12>
        <Filename Value="C:\codetyphon\fpcsrc\rtl\inc\heaph.inc"/>
        <WindowIndex Value="0"/>
        <TopLine Value="75"/>
        <CursorPos X="10" Y="94"/>
        <UsageCount Value="10"/>
      </Unit12>
      <Unit13>
        <Filename Value="C:\codetyphon\fpcsrc\rtl\win\wininc\redef.inc"/>
        <WindowIndex Value="0"/>
        <TopLine Value="614"/>
        <CursorPos X="10" Y="628"/>
        <UsageCount Value="10"/>
      </Unit13>
      <Unit14>
        <Filename Value="..\jcl\source\common\JclStrings.pas"/>
        <UnitName Value="JclStrings"/>
        <WindowIndex Value="0"/>
        <TopLine Value="574"/>
        <CursorPos X="16" Y="591"/>
        <UsageCount Value="10"/>
      </Unit14>
      <Unit15>
        <Filename Value="..\jcl\source\windows\JclSvcCtrl.pas"/>
        <UnitName Value="JclSvcCtrl"/>
        <WindowIndex Value="0"/>
        <TopLine Value="73"/>
        <CursorPos X="14" Y="92"/>
        <UsageCount Value="10"/>
      </Unit15>
      <Unit16>
        <Filename Value="C:\codetyphon\fpcsrc\rtl\win\wininc\struct.inc"/>
        <WindowIndex Value="0"/>
        <TopLine Value="3536"/>
        <CursorPos X="6" Y="3550"/>
        <UsageCount Value="12"/>
      </Unit16>
      <Unit17>
        <Filename Value="C:\codetyphon\fpcsrc\packages\winunits-jedi\src\jwawinsvc.pas"/>
        <UnitName Value="JwaWinSvc"/>
        <WindowIndex Value="0"/>
        <TopLine Value="416"/>
        <CursorPos X="3" Y="430"/>
        <UsageCount Value="10"/>
      </Unit17>
      <Unit18>
        <Filename Value="..\..\pltis_python4delphi\PythonForDelphi\Components\Sources\Core\PythonGUIInputOutput.pas"/>
        <UnitName Value="PythonGUIInputOutput"/>
        <WindowIndex Value="0"/>
        <TopLine Value="35"/>
        <CursorPos X="31" Y="52"/>
        <UsageCount Value="10"/>
        <DefaultSyntaxHighlighter Value="Delphi"/>
      </Unit18>
      <Unit19>
        <Filename Value="..\..\pltis_python4delphi\PythonForDelphi\Components\Sources\VCL\pyDB.pas"/>
        <UnitName Value="pyDB"/>
        <WindowIndex Value="0"/>
        <TopLine Value="1"/>
        <CursorPos X="105" Y="23"/>
        <UsageCount Value="10"/>
        <DefaultSyntaxHighlighter Value="Delphi"/>
      </Unit19>
      <Unit20>
        <Filename Value="C:\codetyphon\fpcsrc\packages\fcl-db\src\base\db.pas"/>
        <UnitName Value="db"/>
        <WindowIndex Value="0"/>
        <TopLine Value="393"/>
        <CursorPos X="14" Y="408"/>
        <UsageCount Value="10"/>
      </Unit20>
      <Unit21>
        <Filename Value="C:\codetyphon\fpcsrc\packages\fcl-base\src\maskutils.pp"/>
        <UnitName Value="maskutils"/>
        <WindowIndex Value="0"/>
        <TopLine Value="51"/>
        <CursorPos X="3" Y="67"/>
        <UsageCount Value="10"/>
      </Unit21>
      <Unit22>
        <Filename Value="..\..\pltis_python4delphi\PythonForDelphi\Components\Sources\VCL\pyDBTables.pas"/>
        <UnitName Value="pyDBTables"/>
        <WindowIndex Value="0"/>
        <TopLine Value="82"/>
        <CursorPos X="3" Y="100"/>
        <UsageCount Value="10"/>
        <DefaultSyntaxHighlighter Value="Delphi"/>
      </Unit22>
      <Unit23>
        <Filename Value="..\..\pltis_jcl\source\windows\JclShell.pas"/>
        <UnitName Value="JclShell"/>
        <WindowIndex Value="0"/>
        <TopLine Value="118"/>
        <CursorPos X="15" Y="23"/>
        <UsageCount Value="10"/>
      </Unit23>
      <Unit24>
        <Filename Value="..\..\pltis_python4delphi\PythonForDelphi\Components\Sources\Core\PythonEngine.pas"/>
        <UnitName Value="PythonEngine"/>
        <EditorIndex Value="1"/>
        <WindowIndex Value="0"/>
        <TopLine Value="67"/>
        <CursorPos X="17" Y="81"/>
        <UsageCount Value="10"/>
        <Loaded Value="True"/>
        <DefaultSyntaxHighlighter Value="Delphi"/>
      </Unit24>
      <Unit25>
        <Filename Value="C:\codetyphon\lazarus\packager\registration\fcllaz.pas"/>
        <UnitName Value="fcllaz"/>
        <IsVisibleTab Value="True"/>
        <EditorIndex Value="2"/>
        <WindowIndex Value="0"/>
        <TopLine Value="1"/>
        <CursorPos X="13" Y="15"/>
        <UsageCount Value="10"/>
        <Loaded Value="True"/>
      </Unit25>
    </Units>
    <JumpHistory Count="30" HistoryIndex="29">
      <Position1>
        <Filename Value="waptget.lpr"/>
        <Caret Line="271" Column="1" TopLine="257"/>
      </Position1>
      <Position2>
        <Filename Value="waptget.lpr"/>
        <Caret Line="272" Column="1" TopLine="257"/>
      </Position2>
      <Position3>
        <Filename Value="waptget.lpr"/>
        <Caret Line="273" Column="1" TopLine="257"/>
      </Position3>
      <Position4>
        <Filename Value="waptget.lpr"/>
        <Caret Line="274" Column="1" TopLine="257"/>
      </Position4>
      <Position5>
        <Filename Value="waptget.lpr"/>
        <Caret Line="276" Column="1" TopLine="257"/>
      </Position5>
      <Position6>
        <Filename Value="waptget.lpr"/>
        <Caret Line="277" Column="1" TopLine="257"/>
      </Position6>
      <Position7>
        <Filename Value="waptget.lpr"/>
        <Caret Line="279" Column="1" TopLine="257"/>
      </Position7>
      <Position8>
        <Filename Value="waptget.lpr"/>
        <Caret Line="280" Column="1" TopLine="257"/>
      </Position8>
      <Position9>
        <Filename Value="waptget.lpr"/>
        <Caret Line="268" Column="22" TopLine="56"/>
      </Position9>
      <Position10>
        <Filename Value="waptget.lpr"/>
        <Caret Line="262" Column="7" TopLine="228"/>
      </Position10>
      <Position11>
        <Filename Value="soutils.pas"/>
        <Caret Line="4" Column="5" TopLine="3"/>
      </Position11>
      <Position12>
        <Filename Value="soutils.pas"/>
        <Caret Line="26" Column="29" TopLine="15"/>
      </Position12>
      <Position13>
        <Filename Value="soutils.pas"/>
        <Caret Line="37" Column="27" TopLine="26"/>
      </Position13>
      <Position14>
        <Filename Value="soutils.pas"/>
        <Caret Line="52" Column="48" TopLine="41"/>
      </Position14>
      <Position15>
        <Filename Value="soutils.pas"/>
        <Caret Line="53" Column="49" TopLine="43"/>
      </Position15>
      <Position16>
        <Filename Value="soutils.pas"/>
        <Caret Line="55" Column="49" TopLine="44"/>
      </Position16>
      <Position17>
        <Filename Value="soutils.pas"/>
        <Caret Line="58" Column="37" TopLine="48"/>
      </Position17>
      <Position18>
        <Filename Value="soutils.pas"/>
        <Caret Line="95" Column="52" TopLine="86"/>
      </Position18>
      <Position19>
        <Filename Value="soutils.pas"/>
        <Caret Line="97" Column="86" TopLine="86"/>
      </Position19>
      <Position20>
        <Filename Value="soutils.pas"/>
        <Caret Line="99" Column="73" TopLine="89"/>
      </Position20>
      <Position21>
        <Filename Value="soutils.pas"/>
        <Caret Line="100" Column="77" TopLine="90"/>
      </Position21>
      <Position22>
        <Filename Value="soutils.pas"/>
        <Caret Line="102" Column="83" TopLine="92"/>
      </Position22>
      <Position23>
        <Filename Value="soutils.pas"/>
        <Caret Line="98" Column="77" TopLine="88"/>
      </Position23>
      <Position24>
        <Filename Value="soutils.pas"/>
        <Caret Line="97" Column="86" TopLine="86"/>
      </Position24>
      <Position25>
        <Filename Value="soutils.pas"/>
        <Caret Line="58" Column="37" TopLine="47"/>
      </Position25>
      <Position26>
        <Filename Value="soutils.pas"/>
        <Caret Line="56" Column="50" TopLine="45"/>
      </Position26>
      <Position27>
        <Filename Value="soutils.pas"/>
        <Caret Line="55" Column="49" TopLine="44"/>
      </Position27>
      <Position28>
        <Filename Value="soutils.pas"/>
        <Caret Line="53" Column="49" TopLine="41"/>
      </Position28>
      <Position29>
        <Filename Value="waptget.lpr"/>
        <Caret Line="8" Column="16" TopLine="1"/>
      </Position29>
      <Position30>
        <Filename Value="C:\codetyphon\lazarus\packager\registration\fcllaz.pas"/>
        <Caret Line="1" Column="1" TopLine="1"/>
      </Position30>
    </JumpHistory>
  </ProjectOptions>
  <CompilerOptions>
    <Version Value="11"/>
    <PathDelim Value="\"/>
    <Target>
      <Filename Value="..\wapt-get"/>
    </Target>
    <SearchPaths>
      <IncludeFiles Value="$(ProjOutDir)"/>
      <UnitOutputDirectory Value="lib"/>
    </SearchPaths>
    <Parsing>
      <SyntaxOptions>
        <SyntaxMode Value="fpc"/>
      </SyntaxOptions>
    </Parsing>
    <CodeGeneration>
      <Checks>
        <RangeChecks Value="True"/>
        <OverflowChecks Value="True"/>
      </Checks>
      <SmallerCode Value="True"/>
    </CodeGeneration>
    <Linking>
      <Debugging>
        <StripSymbols Value="True"/>
        <UseExternalDbgSyms Value="True"/>
      </Debugging>
      <LinkSmart Value="True"/>
    </Linking>
    <Other>
      <CompilerMessages>
        <UseMsgFile Value="True"/>
      </CompilerMessages>
      <CompilerPath Value="$(CompPath)"/>
      <ExecuteAfter>
        <Command Value="&quot;c:\Program Files\7-Zip\7z.exe&quot; a c:\tranquilit\wapt\wapt-get.zip c:\tranquilit\wapt\wapt-get.exe"/>
      </ExecuteAfter>
    </Other>
  </CompilerOptions>
  <Debugging>
    <BreakPoints Count="5">
      <Item1>
        <Kind Value="bpkSource"/>
        <WatchScope Value="wpsGlobal"/>
        <WatchKind Value="wpkWrite"/>
        <Source Value="C:\lazarus\fpc\2.6.0\source\packages\paszlib\src\zipper.pp"/>
        <Line Value="1757"/>
      </Item1>
      <Item2>
        <Kind Value="bpkSource"/>
        <WatchScope Value="wpsGlobal"/>
        <WatchKind Value="wpkWrite"/>
        <Source Value="C:\lazarus\fpc\2.6.0\source\packages\paszlib\src\zipper.pp"/>
        <Line Value="1853"/>
      </Item2>
      <Item3>
        <Kind Value="bpkSource"/>
        <WatchScope Value="wpsLocal"/>
        <WatchKind Value="wpkWrite"/>
        <Source Value="C:\codetyphon\fpcsrc\rtl\objpas\objpas.pp"/>
        <Line Value="230"/>
      </Item3>
      <Item4>
        <Kind Value="bpkSource"/>
        <WatchScope Value="wpsLocal"/>
        <WatchKind Value="wpkWrite"/>
        <Source Value="C:\codetyphon\fpcsrc\rtl\objpas\sysutils\fina.inc"/>
        <Line Value="36"/>
      </Item4>
      <Item5>
        <Kind Value="bpkSource"/>
        <WatchScope Value="wpsLocal"/>
        <WatchKind Value="wpkWrite"/>
        <Source Value="C:\codetyphon\fpcsrc\rtl\inc\ustrings.inc"/>
        <Line Value="2003"/>
      </Item5>
    </BreakPoints>
    <Exceptions Count="3">
      <Item1>
        <Name Value="EAbort"/>
      </Item1>
      <Item2>
        <Name Value="ECodetoolError"/>
      </Item2>
      <Item3>
        <Name Value="EFOpenError"/>
      </Item3>
    </Exceptions>
  </Debugging>
  <EditorMacros Count="0"/>
</CONFIG>
