<?xml version="1.0"?>
<CONFIG>
  <ProjectOptions>
    <Version Value="9"/>
    <PathDelim Value="\"/>
    <General>
      <MainUnit Value="0"/>
      <Title Value="TestWAPT"/>
      <ResourceType Value="res"/>
      <UseXPManifest Value="True"/>
      <Icon Value="0"/>
      <ActiveWindowIndexAtStart Value="0"/>
    </General>
    <i18n>
      <EnableI18N LFM="False"/>
    </i18n>
    <VersionInfo>
      <UseVersionInfo Value="True"/>
      <MinorVersionNr Value="1"/>
      <Language Value="040C"/>
      <StringTable CompanyName="Tranquil IT Systems" FileDescription="Test WAPT" ProductName="WAPT" ProductVersion=""/>
    </VersionInfo>
    <BuildModes Count="1" Active="Default">
      <Item1 Name="Default" Default="True"/>
    </BuildModes>
    <PublishOptions>
      <Version Value="2"/>
      <IncludeFileFilter Value="*.(pas|pp|inc|lfm|lpr|lrs|lpi|lpk|sh|xml)"/>
      <ExcludeFileFilter Value="*.(bak|ppu|o|so);*~;backup"/>
    </PublishOptions>
    <RunParams>
      <local>
        <FormatVersion Value="1"/>
      </local>
    </RunParams>
    <RequiredPackages Count="3">
      <Item1>
        <PackageName Value="P4DLaz"/>
        <MinVersion Valid="True"/>
      </Item1>
      <Item2>
        <PackageName Value="indylaz"/>
        <MinVersion Major="10" Minor="5" Release="8" Valid="True"/>
      </Item2>
      <Item3>
        <PackageName Value="LCL"/>
      </Item3>
    </RequiredPackages>
    <Units Count="9">
      <Unit0>
        <Filename Value="testwapt.lpr"/>
        <IsPartOfProject Value="True"/>
        <UnitName Value="testwapt"/>
        <IsVisibleTab Value="True"/>
        <EditorIndex Value="0"/>
        <WindowIndex Value="0"/>
        <TopLine Value="1"/>
        <CursorPos X="18" Y="23"/>
        <UsageCount Value="51"/>
        <Loaded Value="True"/>
      </Unit0>
      <Unit1>
        <Filename Value="uvistestwapt.pas"/>
        <IsPartOfProject Value="True"/>
        <ComponentName Value="Form1"/>
        <ResourceBaseClass Value="Form"/>
        <UnitName Value="uvistestwapt"/>
        <EditorIndex Value="1"/>
        <WindowIndex Value="0"/>
        <TopLine Value="31"/>
        <CursorPos X="30" Y="46"/>
        <UsageCount Value="51"/>
        <Loaded Value="True"/>
      </Unit1>
      <Unit2>
        <Filename Value="tisinstall.pas"/>
        <IsPartOfProject Value="True"/>
        <UnitName Value="tisinstall"/>
        <WindowIndex Value="0"/>
        <TopLine Value="1"/>
        <CursorPos X="1" Y="22"/>
        <UsageCount Value="51"/>
      </Unit2>
      <Unit3>
        <Filename Value="C:\lazarus\lcl\dialogs.pp"/>
        <UnitName Value="Dialogs"/>
        <WindowIndex Value="0"/>
        <TopLine Value="1"/>
        <CursorPos X="59" Y="488"/>
        <UsageCount Value="7"/>
      </Unit3>
      <Unit4>
        <Filename Value="C:\lazarus\lcl\include\messagedialogs.inc"/>
        <WindowIndex Value="0"/>
        <TopLine Value="140"/>
        <CursorPos X="1" Y="163"/>
        <UsageCount Value="7"/>
      </Unit4>
      <Unit5>
        <Filename Value="..\python4delphi\PythonForDelphi\Components\Sources\Core\WrapDelphi.pas"/>
        <UnitName Value="WrapDelphi"/>
        <WindowIndex Value="0"/>
        <TopLine Value="463"/>
        <CursorPos X="22" Y="471"/>
        <UsageCount Value="7"/>
      </Unit5>
      <Unit6>
        <Filename Value="..\tisinstall.pas"/>
        <UnitName Value="tisinstall"/>
        <WindowIndex Value="0"/>
        <TopLine Value="1"/>
        <CursorPos X="59" Y="17"/>
        <UsageCount Value="7"/>
      </Unit6>
      <Unit7>
        <Filename Value="..\..\python4delphi\PythonForDelphi\Components\Sources\Core\PythonEngine.pas"/>
        <UnitName Value="PythonEngine"/>
        <WindowIndex Value="0"/>
        <TopLine Value="5381"/>
        <CursorPos X="1" Y="5404"/>
        <UsageCount Value="7"/>
        <DefaultSyntaxHighlighter Value="Delphi"/>
      </Unit7>
      <Unit8>
        <Filename Value="uvistestwapt.lfm"/>
        <EditorIndex Value="2"/>
        <WindowIndex Value="0"/>
        <TopLine Value="1"/>
        <CursorPos X="10" Y="15"/>
        <UsageCount Value="12"/>
        <Loaded Value="True"/>
        <DefaultSyntaxHighlighter Value="LFM"/>
      </Unit8>
    </Units>
    <JumpHistory Count="5" HistoryIndex="4">
      <Position1>
        <Filename Value="uvistestwapt.pas"/>
        <Caret Line="50" Column="72" TopLine="24"/>
      </Position1>
      <Position2>
        <Filename Value="uvistestwapt.pas"/>
        <Caret Line="8" Column="53" TopLine="1"/>
      </Position2>
      <Position3>
        <Filename Value="uvistestwapt.pas"/>
        <Caret Line="12" Column="65" TopLine="1"/>
      </Position3>
      <Position4>
        <Filename Value="uvistestwapt.pas"/>
        <Caret Line="63" Column="46" TopLine="24"/>
      </Position4>
      <Position5>
        <Filename Value="uvistestwapt.pas"/>
        <Caret Line="44" Column="18" TopLine="31"/>
      </Position5>
    </JumpHistory>
  </ProjectOptions>
  <CompilerOptions>
    <Version Value="9"/>
    <PathDelim Value="\"/>
    <Target>
      <Filename Value="testwapt"/>
    </Target>
    <SearchPaths>
      <IncludeFiles Value="$(ProjOutDir)"/>
      <UnitOutputDirectory Value="lib\$(TargetCPU)-$(TargetOS)"/>
    </SearchPaths>
    <Linking>
      <Debugging>
        <UseLineInfoUnit Value="False"/>
        <StripSymbols Value="True"/>
        <UseExternalDbgSyms Value="True"/>
      </Debugging>
      <Options>
        <Win32>
          <GraphicApplication Value="True"/>
        </Win32>
      </Options>
    </Linking>
    <Other>
      <CompilerMessages>
        <UseMsgFile Value="True"/>
      </CompilerMessages>
      <CompilerPath Value="$(CompPath)"/>
    </Other>
  </CompilerOptions>
  <Debugging>
    <Exceptions Count="3">
      <Item1>
        <Name Value="EAbort"/>
      </Item1>
      <Item2>
        <Name Value="ECodetoolError"/>
      </Item2>
      <Item3>
        <Name Value="EFOpenError"/>
      </Item3>
    </Exceptions>
  </Debugging>
</CONFIG>
