<?xml version="1.0"?>
<CONFIG>
  <ProjectOptions>
    <Version Value="9"/>
    <PathDelim Value="\"/>
    <General>
      <Flags>
        <MainUnitHasCreateFormStatements Value="False"/>
      </Flags>
      <MainUnit Value="0"/>
      <Title Value="waptservice"/>
      <ResourceType Value="res"/>
      <UseXPManifest Value="True"/>
      <Icon Value="0"/>
      <ActiveWindowIndexAtStart Value="0"/>
    </General>
    <i18n>
      <EnableI18N LFM="False"/>
    </i18n>
    <VersionInfo>
      <UseVersionInfo Value="True"/>
      <MinorVersionNr Value="1"/>
      <Language Value="040C"/>
      <StringTable CompanyName="Tranquil IT Systems" FileDescription="WAPT Service helper" ProductVersion=""/>
    </VersionInfo>
    <BuildModes Count="1" Active="Default">
      <Item1 Name="Default" Default="True"/>
    </BuildModes>
    <PublishOptions>
      <Version Value="2"/>
      <IncludeFileFilter Value="*.(pas|pp|inc|lfm|lpr|lrs|lpi|lpk|sh|xml)"/>
      <ExcludeFileFilter Value="*.(bak|ppu|o|so);*~;backup"/>
    </PublishOptions>
    <RunParams>
      <local>
        <FormatVersion Value="1"/>
        <CommandLineParams Value="--install"/>
      </local>
    </RunParams>
    <RequiredPackages Count="6">
      <Item1>
        <PackageName Value="weblaz"/>
        <MinVersion Valid="True"/>
      </Item1>
      <Item2>
        <PackageName Value="SQLDBLaz"/>
        <MinVersion Major="1" Release="1" Valid="True"/>
      </Item2>
      <Item3>
        <PackageName Value="indylaz"/>
        <MinVersion Major="10" Minor="5" Release="8" Valid="True"/>
      </Item3>
      <Item4>
        <PackageName Value="LazDaemon"/>
      </Item4>
      <Item5>
        <PackageName Value="LCL"/>
      </Item5>
      <Item6>
        <PackageName Value="FCL"/>
      </Item6>
    </RequiredPackages>
    <Units Count="26">
      <Unit0>
        <Filename Value="waptservice.lpr"/>
        <IsPartOfProject Value="True"/>
        <UnitName Value="waptservice"/>
        <WindowIndex Value="0"/>
        <TopLine Value="1"/>
        <CursorPos X="1" Y="17"/>
        <UsageCount Value="67"/>
      </Unit0>
      <Unit1>
        <Filename Value="waptmapper.pas"/>
        <IsPartOfProject Value="True"/>
        <ComponentName Value="DaemonMapper1"/>
        <UnitName Value="WaptMapper"/>
        <WindowIndex Value="0"/>
        <TopLine Value="1"/>
        <CursorPos X="18" Y="5"/>
        <UsageCount Value="67"/>
      </Unit1>
      <Unit2>
        <Filename Value="waptunit.pas"/>
        <IsPartOfProject Value="True"/>
        <ComponentName Value="WaptDaemon"/>
        <ResourceBaseClass Value="DataModule"/>
        <UnitName Value="WaptUnit"/>
        <IsVisibleTab Value="True"/>
        <EditorIndex Value="0"/>
        <WindowIndex Value="0"/>
        <TopLine Value="89"/>
        <CursorPos X="15" Y="97"/>
        <UsageCount Value="67"/>
        <Loaded Value="True"/>
        <LoadedDesigner Value="True"/>
      </Unit2>
      <Unit3>
        <Filename Value="unit1.pas"/>
        <UnitName Value="Unit1"/>
        <WindowIndex Value="0"/>
        <TopLine Value="1"/>
        <CursorPos X="1" Y="1"/>
        <UsageCount Value="16"/>
      </Unit3>
      <Unit4>
        <Filename Value="C:\lazarus\fpc\2.6.0\source\packages\fcl-extra\src\daemonapp.pp"/>
        <UnitName Value="daemonapp"/>
        <WindowIndex Value="0"/>
        <TopLine Value="1"/>
        <CursorPos X="3" Y="41"/>
        <UsageCount Value="25"/>
      </Unit4>
      <Unit5>
        <Filename Value="C:\lazarus\components\daemon\lazdaemonapp.pp"/>
        <UnitName Value="lazdaemonapp"/>
        <WindowIndex Value="0"/>
        <TopLine Value="1"/>
        <CursorPos X="1" Y="1"/>
        <UsageCount Value="6"/>
      </Unit5>
      <Unit6>
        <Filename Value="C:\lazarus\lcl\interfaces\win32\interfaces.pp"/>
        <UnitName Value="Interfaces"/>
        <WindowIndex Value="0"/>
        <TopLine Value="8"/>
        <CursorPos X="1" Y="1"/>
        <UsageCount Value="25"/>
      </Unit6>
      <Unit7>
        <Filename Value="C:\lazarus\fpc\2.6.0\source\packages\fcl-web\src\jsonrpc\fpjsonrpc.pp"/>
        <UnitName Value="fpjsonrpc"/>
        <WindowIndex Value="0"/>
        <TopLine Value="91"/>
        <CursorPos X="1" Y="1"/>
        <UsageCount Value="9"/>
      </Unit7>
      <Unit8>
        <Filename Value="..\..\indy\IdCustomHTTPServer.pas"/>
        <UnitName Value="IdCustomHTTPServer"/>
        <WindowIndex Value="0"/>
        <TopLine Value="1625"/>
        <CursorPos X="51" Y="1662"/>
        <UsageCount Value="11"/>
        <DefaultSyntaxHighlighter Value="Delphi"/>
      </Unit8>
      <Unit9>
        <Filename Value="..\wapt-get\waptcommon.pas"/>
        <IsPartOfProject Value="True"/>
        <UnitName Value="waptcommon"/>
        <WindowIndex Value="0"/>
        <TopLine Value="20"/>
        <CursorPos X="39" Y="48"/>
        <UsageCount Value="34"/>
      </Unit9>
      <Unit10>
        <Filename Value="C:\lazarus\fpc\2.6.0\source\packages\fcl-process\src\process.pp"/>
        <UnitName Value="process"/>
        <WindowIndex Value="0"/>
        <TopLine Value="276"/>
        <CursorPos X="11" Y="160"/>
        <UsageCount Value="9"/>
      </Unit10>
      <Unit11>
        <Filename Value="..\wapt-get\waptget.lpr"/>
        <UnitName Value="waptget"/>
        <WindowIndex Value="0"/>
        <TopLine Value="100"/>
        <CursorPos X="9" Y="9"/>
        <UsageCount Value="10"/>
      </Unit11>
      <Unit12>
        <Filename Value="C:\lazarus\fpc\2.6.0\source\packages\fcl-base\src\custapp.pp"/>
        <UnitName Value="CustApp"/>
        <WindowIndex Value="0"/>
        <TopLine Value="55"/>
        <CursorPos X="23" Y="87"/>
        <UsageCount Value="9"/>
      </Unit12>
      <Unit13>
        <Filename Value="C:\lazarus\fpc\2.6.0\source\packages\fcl-base\src\eventlog.pp"/>
        <UnitName Value="eventlog"/>
        <WindowIndex Value="0"/>
        <TopLine Value="229"/>
        <CursorPos X="26" Y="231"/>
        <UsageCount Value="9"/>
      </Unit13>
      <Unit14>
        <Filename Value="C:\lazarus\fpc\2.6.0\source\packages\fcl-base\src\win\eventlog.inc"/>
        <WindowIndex Value="0"/>
        <TopLine Value="126"/>
        <CursorPos X="3" Y="88"/>
        <UsageCount Value="9"/>
      </Unit14>
      <Unit15>
        <Filename Value="..\common.py"/>
        <WindowIndex Value="0"/>
        <TopLine Value="49"/>
        <CursorPos X="1" Y="1"/>
        <UsageCount Value="9"/>
        <DefaultSyntaxHighlighter Value="Python"/>
      </Unit15>
      <Unit16>
        <Filename Value="waptunit.lfm"/>
        <WindowIndex Value="0"/>
        <TopLine Value="10"/>
        <CursorPos X="1" Y="30"/>
        <UsageCount Value="9"/>
        <DefaultSyntaxHighlighter Value="LFM"/>
      </Unit16>
      <Unit17>
        <Filename Value="..\..\indy\IdLogBase.pas"/>
        <UnitName Value="IdLogBase"/>
        <WindowIndex Value="0"/>
        <TopLine Value="27"/>
        <CursorPos X="12" Y="45"/>
        <UsageCount Value="9"/>
        <DefaultSyntaxHighlighter Value="Delphi"/>
      </Unit17>
      <Unit18>
        <Filename Value="..\..\tishelp\utishelp.pas"/>
        <ComponentName Value="VisTisHelp"/>
        <HasResources Value="True"/>
        <ResourceBaseClass Value="Form"/>
        <UnitName Value="utishelp"/>
        <WindowIndex Value="0"/>
        <TopLine Value="55"/>
        <CursorPos X="31" Y="84"/>
        <UsageCount Value="12"/>
      </Unit18>
      <Unit19>
        <Filename Value="..\..\tishelp\jcl\source\common\JclSysInfo.pas"/>
        <UnitName Value="JclSysInfo"/>
        <WindowIndex Value="0"/>
        <TopLine Value="46"/>
        <CursorPos X="2" Y="65"/>
        <UsageCount Value="12"/>
      </Unit19>
      <Unit20>
        <Filename Value="C:\lazarus\fpc\2.6.0\source\rtl\objpas\classes\classesh.inc"/>
        <WindowIndex Value="0"/>
        <TopLine Value="537"/>
        <CursorPos X="5" Y="556"/>
        <UsageCount Value="11"/>
      </Unit20>
      <Unit21>
        <Filename Value="C:\lazarus\fpc\2.6.0\source\rtl\objpas\classes\stringl.inc"/>
        <WindowIndex Value="0"/>
        <TopLine Value="188"/>
        <CursorPos X="18" Y="193"/>
        <UsageCount Value="11"/>
      </Unit21>
      <Unit22>
        <Filename Value="C:\lazarus\fpc\2.6.0\source\rtl\objpas\strutils.pp"/>
        <UnitName Value="strutils"/>
        <WindowIndex Value="0"/>
        <TopLine Value="686"/>
        <CursorPos X="3" Y="709"/>
        <UsageCount Value="11"/>
      </Unit22>
      <Unit23>
        <Filename Value="C:\lazarus\fpc\2.6.0\source\packages\fcl-db\src\sqldb\sqlite\sqlite3conn.pp"/>
        <UnitName Value="sqlite3conn"/>
        <EditorIndex Value="1"/>
        <WindowIndex Value="0"/>
        <TopLine Value="22"/>
        <CursorPos X="40" Y="28"/>
        <UsageCount Value="10"/>
        <Loaded Value="True"/>
      </Unit23>
      <Unit24>
        <Filename Value="C:\lazarus\fpc\2.6.0\source\packages\sqlite\src\sqlite3dyn.pp"/>
        <UnitName Value="sqlite3dyn"/>
        <EditorIndex Value="2"/>
        <WindowIndex Value="0"/>
        <TopLine Value="1"/>
        <CursorPos X="10" Y="5"/>
        <UsageCount Value="10"/>
        <Loaded Value="True"/>
      </Unit24>
      <Unit25>
        <Filename Value="C:\lazarus\fpc\2.6.0\source\packages\sqlite\src\sqlite3.inc"/>
        <EditorIndex Value="3"/>
        <WindowIndex Value="0"/>
        <TopLine Value="1977"/>
        <CursorPos X="1" Y="1977"/>
        <UsageCount Value="10"/>
        <Loaded Value="True"/>
      </Unit25>
    </Units>
    <JumpHistory Count="21" HistoryIndex="20">
      <Position1>
        <Filename Value="waptunit.pas"/>
        <Caret Line="113" Column="66" TopLine="93"/>
      </Position1>
      <Position2>
        <Filename Value="waptunit.pas"/>
        <Caret Line="45" Column="32" TopLine="39"/>
      </Position2>
      <Position3>
        <Filename Value="waptunit.pas"/>
        <Caret Line="123" Column="5" TopLine="99"/>
      </Position3>
      <Position4>
        <Filename Value="waptunit.pas"/>
        <Caret Line="113" Column="78" TopLine="94"/>
      </Position4>
      <Position5>
        <Filename Value="waptunit.pas"/>
        <Caret Line="96" Column="54" TopLine="81"/>
      </Position5>
      <Position6>
        <Filename Value="waptunit.pas"/>
        <Caret Line="1" Column="1" TopLine="1"/>
      </Position6>
      <Position7>
        <Filename Value="waptunit.pas"/>
        <Caret Line="30" Column="11" TopLine="1"/>
      </Position7>
      <Position8>
        <Filename Value="waptunit.pas"/>
        <Caret Line="1" Column="1" TopLine="1"/>
      </Position8>
      <Position9>
        <Filename Value="waptunit.pas"/>
        <Caret Line="17" Column="17" TopLine="1"/>
      </Position9>
      <Position10>
        <Filename Value="waptunit.pas"/>
        <Caret Line="18" Column="17" TopLine="1"/>
      </Position10>
      <Position11>
        <Filename Value="waptunit.pas"/>
        <Caret Line="19" Column="17" TopLine="1"/>
      </Position11>
      <Position12>
        <Filename Value="waptunit.pas"/>
        <Caret Line="20" Column="17" TopLine="1"/>
      </Position12>
      <Position13>
        <Filename Value="waptunit.pas"/>
        <Caret Line="40" Column="17" TopLine="20"/>
      </Position13>
      <Position14>
        <Filename Value="waptunit.pas"/>
        <Caret Line="116" Column="18" TopLine="79"/>
      </Position14>
      <Position15>
        <Filename Value="waptunit.pas"/>
        <Caret Line="91" Column="29" TopLine="89"/>
      </Position15>
      <Position16>
        <Filename Value="waptunit.pas"/>
        <Caret Line="197" Column="3" TopLine="140"/>
      </Position16>
      <Position17>
        <Filename Value="waptunit.pas"/>
        <Caret Line="91" Column="6" TopLine="89"/>
      </Position17>
      <Position18>
        <Filename Value="waptunit.pas"/>
        <Caret Line="30" Column="20" TopLine="11"/>
      </Position18>
      <Position19>
        <Filename Value="C:\lazarus\fpc\2.6.0\source\packages\fcl-db\src\sqldb\sqlite\sqlite3conn.pp"/>
        <Caret Line="28" Column="40" TopLine="22"/>
      </Position19>
      <Position20>
        <Filename Value="C:\lazarus\fpc\2.6.0\source\packages\sqlite\src\sqlite3dyn.pp"/>
        <Caret Line="5" Column="10" TopLine="1"/>
      </Position20>
      <Position21>
        <Filename Value="waptunit.pas"/>
        <Caret Line="30" Column="20" TopLine="11"/>
      </Position21>
    </JumpHistory>
  </ProjectOptions>
  <CompilerOptions>
    <Version Value="9"/>
    <PathDelim Value="\"/>
    <Target>
      <Filename Value="../waptservice.exe"/>
    </Target>
    <SearchPaths>
      <IncludeFiles Value="$(ProjOutDir);D:\projdev\tishelp\jcl\source\include\"/>
      <OtherUnitFiles Value="..\wapt-get;..\..\tishelp\jcl\source\common;..\..\tishelp\jcl\source\include;..\..\tishelp\jcl\source\windows"/>
      <UnitOutputDirectory Value="./lib"/>
    </SearchPaths>
    <Linking>
      <Debugging>
        <UseLineInfoUnit Value="False"/>
        <StripSymbols Value="True"/>
      </Debugging>
      <LinkSmart Value="True"/>
    </Linking>
    <Other>
      <CompilerMessages>
        <UseMsgFile Value="True"/>
      </CompilerMessages>
      <CompilerPath Value="$(CompPath)"/>
      <ExecuteBefore>
        <Command Value="c:\windows\psservice.exe stop waptservice"/>
        <ShowAllMessages Value="True"/>
      </ExecuteBefore>
      <ExecuteAfter>
        <Command Value="c:\windows\psservice.exe  start waptservice"/>
        <ShowAllMessages Value="True"/>
      </ExecuteAfter>
    </Other>
  </CompilerOptions>
  <Debugging>
    <Exceptions Count="3">
      <Item1>
        <Name Value="EAbort"/>
      </Item1>
      <Item2>
        <Name Value="ECodetoolError"/>
      </Item2>
      <Item3>
        <Name Value="EFOpenError"/>
      </Item3>
    </Exceptions>
  </Debugging>
</CONFIG>
