<?xml version="1.0"?>
<CONFIG>
  <ProjectOptions>
    <Version Value="9"/>
    <PathDelim Value="\"/>
    <General>
      <Flags>
        <MainUnitHasCreateFormStatements Value="False"/>
      </Flags>
      <MainUnit Value="0"/>
      <Title Value="waptservice"/>
      <ResourceType Value="res"/>
      <UseXPManifest Value="True"/>
      <Icon Value="0"/>
      <ActiveWindowIndexAtStart Value="0"/>
    </General>
    <i18n>
      <EnableI18N LFM="False"/>
    </i18n>
    <VersionInfo>
      <UseVersionInfo Value="True"/>
      <MinorVersionNr Value="2"/>
      <RevisionNr Value="3"/>
      <Language Value="040C"/>
      <StringTable CompanyName="Tranquil IT Systems" FileDescription="WAPT Service helper" ProductVersion=""/>
    </VersionInfo>
    <BuildModes Count="1" Active="Default">
      <Item1 Name="Default" Default="True"/>
    </BuildModes>
    <PublishOptions>
      <Version Value="2"/>
      <IncludeFileFilter Value="*.(pas|pp|inc|lfm|lpr|lrs|lpi|lpk|sh|xml)"/>
      <ExcludeFileFilter Value="*.(bak|ppu|o|so);*~;backup"/>
    </PublishOptions>
    <RunParams>
      <local>
        <FormatVersion Value="1"/>
        <CommandLineParams Value="--run"/>
      </local>
    </RunParams>
    <RequiredPackages Count="5">
      <Item1>
        <PackageName Value="pl_indycomp"/>
      </Item1>
      <Item2>
        <PackageName Value="SQLDBLaz"/>
        <MinVersion Major="1" Release="1" Valid="True"/>
      </Item2>
      <Item3>
        <PackageName Value="LazDaemon"/>
      </Item3>
      <Item4>
        <PackageName Value="LCL"/>
      </Item4>
      <Item5>
        <PackageName Value="FCL"/>
      </Item5>
    </RequiredPackages>
    <Units Count="51">
      <Unit0>
        <Filename Value="waptservice.lpr"/>
        <IsPartOfProject Value="True"/>
        <UnitName Value="waptservice"/>
        <IsVisibleTab Value="True"/>
        <WindowIndex Value="0"/>
        <TopLine Value="1"/>
        <CursorPos X="93" Y="16"/>
        <UsageCount Value="86"/>
      </Unit0>
      <Unit1>
        <Filename Value="waptmapper.pas"/>
        <IsPartOfProject Value="True"/>
        <ComponentName Value="DaemonMapper1"/>
        <HasResources Value="True"/>
        <UnitName Value="WaptMapper"/>
        <WindowIndex Value="0"/>
        <TopLine Value="1"/>
        <CursorPos X="24" Y="14"/>
        <UsageCount Value="86"/>
      </Unit1>
      <Unit2>
        <Filename Value="waptunit.pas"/>
        <IsPartOfProject Value="True"/>
        <ComponentName Value="WaptDaemon"/>
        <HasResources Value="True"/>
        <ResourceBaseClass Value="DataModule"/>
        <UnitName Value="WaptUnit"/>
        <WindowIndex Value="0"/>
        <TopLine Value="1"/>
        <CursorPos X="24" Y="12"/>
        <UsageCount Value="86"/>
      </Unit2>
      <Unit3>
        <Filename Value="unit1.pas"/>
        <UnitName Value="Unit1"/>
        <WindowIndex Value="0"/>
        <TopLine Value="1"/>
        <CursorPos X="1" Y="1"/>
        <UsageCount Value="16"/>
      </Unit3>
      <Unit4>
        <Filename Value="C:\lazarus\fpc\2.6.0\source\packages\fcl-extra\src\daemonapp.pp"/>
        <UnitName Value="daemonapp"/>
        <WindowIndex Value="0"/>
        <TopLine Value="307"/>
        <CursorPos X="27" Y="308"/>
        <UsageCount Value="25"/>
      </Unit4>
      <Unit5>
        <Filename Value="C:\lazarus\components\daemon\lazdaemonapp.pp"/>
        <UnitName Value="lazdaemonapp"/>
        <WindowIndex Value="0"/>
        <TopLine Value="1"/>
        <CursorPos X="1" Y="1"/>
        <UsageCount Value="6"/>
      </Unit5>
      <Unit6>
        <Filename Value="C:\lazarus\lcl\interfaces\win32\interfaces.pp"/>
        <UnitName Value="Interfaces"/>
        <WindowIndex Value="0"/>
        <TopLine Value="8"/>
        <CursorPos X="1" Y="1"/>
        <UsageCount Value="25"/>
      </Unit6>
      <Unit7>
        <Filename Value="C:\lazarus\fpc\2.6.0\source\packages\fcl-web\src\jsonrpc\fpjsonrpc.pp"/>
        <UnitName Value="fpjsonrpc"/>
        <WindowIndex Value="0"/>
        <TopLine Value="91"/>
        <CursorPos X="1" Y="1"/>
        <UsageCount Value="9"/>
      </Unit7>
      <Unit8>
        <Filename Value="..\..\indy\IdCustomHTTPServer.pas"/>
        <UnitName Value="IdCustomHTTPServer"/>
        <WindowIndex Value="0"/>
        <TopLine Value="1460"/>
        <CursorPos X="30" Y="1478"/>
        <UsageCount Value="11"/>
      </Unit8>
      <Unit9>
        <Filename Value="..\wapt-get\waptcommon.pas"/>
        <IsPartOfProject Value="True"/>
        <UnitName Value="waptcommon"/>
        <WindowIndex Value="0"/>
        <TopLine Value="1"/>
        <CursorPos X="1" Y="1"/>
        <UsageCount Value="53"/>
      </Unit9>
      <Unit10>
        <Filename Value="C:\lazarus\fpc\2.6.0\source\packages\fcl-process\src\process.pp"/>
        <UnitName Value="process"/>
        <WindowIndex Value="0"/>
        <TopLine Value="276"/>
        <CursorPos X="11" Y="160"/>
        <UsageCount Value="9"/>
      </Unit10>
      <Unit11>
        <Filename Value="..\wapt-get\waptget.lpr"/>
        <UnitName Value="waptget"/>
        <WindowIndex Value="0"/>
        <TopLine Value="100"/>
        <CursorPos X="9" Y="9"/>
        <UsageCount Value="10"/>
      </Unit11>
      <Unit12>
        <Filename Value="C:\lazarus\fpc\2.6.0\source\packages\fcl-base\src\custapp.pp"/>
        <UnitName Value="CustApp"/>
        <WindowIndex Value="0"/>
        <TopLine Value="55"/>
        <CursorPos X="23" Y="87"/>
        <UsageCount Value="9"/>
      </Unit12>
      <Unit13>
        <Filename Value="C:\lazarus\fpc\2.6.0\source\packages\fcl-base\src\eventlog.pp"/>
        <UnitName Value="eventlog"/>
        <WindowIndex Value="0"/>
        <TopLine Value="229"/>
        <CursorPos X="26" Y="231"/>
        <UsageCount Value="9"/>
      </Unit13>
      <Unit14>
        <Filename Value="C:\lazarus\fpc\2.6.0\source\packages\fcl-base\src\win\eventlog.inc"/>
        <WindowIndex Value="0"/>
        <TopLine Value="126"/>
        <CursorPos X="3" Y="88"/>
        <UsageCount Value="9"/>
      </Unit14>
      <Unit15>
        <Filename Value="..\common.py"/>
        <WindowIndex Value="0"/>
        <TopLine Value="49"/>
        <CursorPos X="1" Y="1"/>
        <UsageCount Value="9"/>
        <DefaultSyntaxHighlighter Value="Python"/>
      </Unit15>
      <Unit16>
        <Filename Value="waptunit.lfm"/>
        <WindowIndex Value="0"/>
        <TopLine Value="10"/>
        <CursorPos X="1" Y="30"/>
        <UsageCount Value="9"/>
        <DefaultSyntaxHighlighter Value="LFM"/>
      </Unit16>
      <Unit17>
        <Filename Value="..\..\indy\IdLogBase.pas"/>
        <UnitName Value="IdLogBase"/>
        <WindowIndex Value="0"/>
        <TopLine Value="27"/>
        <CursorPos X="12" Y="45"/>
        <UsageCount Value="9"/>
      </Unit17>
      <Unit18>
        <Filename Value="..\..\tishelp\utishelp.pas"/>
        <ComponentName Value="VisTisHelp"/>
        <HasResources Value="True"/>
        <ResourceBaseClass Value="Form"/>
        <UnitName Value="utishelp"/>
        <WindowIndex Value="0"/>
        <TopLine Value="55"/>
        <CursorPos X="31" Y="84"/>
        <UsageCount Value="12"/>
      </Unit18>
      <Unit19>
        <Filename Value="..\..\tishelp\jcl\source\common\JclSysInfo.pas"/>
        <UnitName Value="JclSysInfo"/>
        <WindowIndex Value="0"/>
        <TopLine Value="46"/>
        <CursorPos X="2" Y="65"/>
        <UsageCount Value="12"/>
      </Unit19>
      <Unit20>
        <Filename Value="C:\lazarus\fpc\2.6.0\source\rtl\objpas\classes\classesh.inc"/>
        <WindowIndex Value="0"/>
        <TopLine Value="537"/>
        <CursorPos X="5" Y="556"/>
        <UsageCount Value="11"/>
      </Unit20>
      <Unit21>
        <Filename Value="C:\lazarus\fpc\2.6.0\source\rtl\objpas\classes\stringl.inc"/>
        <WindowIndex Value="0"/>
        <TopLine Value="188"/>
        <CursorPos X="18" Y="193"/>
        <UsageCount Value="11"/>
      </Unit21>
      <Unit22>
        <Filename Value="C:\lazarus\fpc\2.6.0\source\rtl\objpas\strutils.pp"/>
        <UnitName Value="strutils"/>
        <WindowIndex Value="0"/>
        <TopLine Value="686"/>
        <CursorPos X="3" Y="709"/>
        <UsageCount Value="11"/>
      </Unit22>
      <Unit23>
        <Filename Value="C:\lazarus\fpc\2.6.0\source\packages\fcl-db\src\sqldb\sqlite\sqlite3conn.pp"/>
        <UnitName Value="sqlite3conn"/>
        <WindowIndex Value="0"/>
        <TopLine Value="37"/>
        <CursorPos X="40" Y="28"/>
        <UsageCount Value="13"/>
      </Unit23>
      <Unit24>
        <Filename Value="C:\lazarus\fpc\2.6.0\source\packages\sqlite\src\sqlite3dyn.pp"/>
        <UnitName Value="sqlite3dyn"/>
        <WindowIndex Value="0"/>
        <TopLine Value="1"/>
        <CursorPos X="10" Y="5"/>
        <UsageCount Value="13"/>
      </Unit24>
      <Unit25>
        <Filename Value="C:\lazarus\fpc\2.6.0\source\packages\sqlite\src\sqlite3.inc"/>
        <WindowIndex Value="0"/>
        <TopLine Value="1977"/>
        <CursorPos X="1" Y="1977"/>
        <UsageCount Value="13"/>
      </Unit25>
      <Unit26>
        <Filename Value="..\..\indy\IdStack.pas"/>
        <UnitName Value="IdStack"/>
        <WindowIndex Value="0"/>
        <TopLine Value="683"/>
        <CursorPos X="20" Y="705"/>
        <UsageCount Value="10"/>
      </Unit26>
      <Unit27>
        <Filename Value="..\..\jcl\source\common\JclSysInfo.pas"/>
        <UnitName Value="JclSysInfo"/>
        <WindowIndex Value="0"/>
        <TopLine Value="48"/>
        <CursorPos X="23" Y="61"/>
        <UsageCount Value="10"/>
      </Unit27>
      <Unit28>
        <Filename Value="..\..\jcl\source\common\JclStrings.pas"/>
        <UnitName Value="JclStrings"/>
        <WindowIndex Value="0"/>
        <TopLine Value="49"/>
        <CursorPos X="8" Y="57"/>
        <UsageCount Value="10"/>
      </Unit28>
      <Unit29>
        <Filename Value="..\..\jcl\source\common\JclUnicode.pas"/>
        <UnitName Value="JclUnicode"/>
        <WindowIndex Value="0"/>
        <TopLine Value="1394"/>
        <CursorPos X="12" Y="1411"/>
        <UsageCount Value="10"/>
      </Unit29>
      <Unit30>
        <Filename Value="..\..\jcl\source\windows\JclShell.pas"/>
        <UnitName Value="JclShell"/>
        <WindowIndex Value="0"/>
        <TopLine Value="1"/>
        <CursorPos X="1" Y="1"/>
        <UsageCount Value="10"/>
      </Unit30>
      <Unit31>
        <Filename Value="..\..\jcl\source\common\JclSynch.pas"/>
        <UnitName Value="JclSynch"/>
        <WindowIndex Value="0"/>
        <TopLine Value="1"/>
        <CursorPos X="1" Y="1"/>
        <UsageCount Value="10"/>
      </Unit31>
      <Unit32>
        <Filename Value="..\..\jcl\source\common\JclSysUtils.pas"/>
        <UnitName Value="JclSysUtils"/>
        <WindowIndex Value="0"/>
        <TopLine Value="4142"/>
        <CursorPos X="25" Y="4159"/>
        <UsageCount Value="10"/>
      </Unit32>
      <Unit33>
        <Filename Value="..\..\indy\IdStreamVCL.pas"/>
        <UnitName Value="IdStreamVCL"/>
        <WindowIndex Value="0"/>
        <TopLine Value="10"/>
        <CursorPos X="6" Y="31"/>
        <UsageCount Value="11"/>
      </Unit33>
      <Unit34>
        <Filename Value="C:\lazarus\fpc\2.6.0\source\rtl\win\sysutils.pp"/>
        <UnitName Value="sysutils"/>
        <WindowIndex Value="0"/>
        <TopLine Value="1244"/>
        <CursorPos X="35" Y="1274"/>
        <UsageCount Value="10"/>
      </Unit34>
      <Unit35>
        <Filename Value="C:\lazarus\fpc\2.6.0\source\packages\winunits-jedi\src\jwatlhelp32.pas"/>
        <UnitName Value="JwaTlHelp32"/>
        <WindowIndex Value="0"/>
        <TopLine Value="265"/>
        <CursorPos X="1" Y="1"/>
        <UsageCount Value="10"/>
      </Unit35>
      <Unit36>
        <Filename Value="..\..\indy\indylaz.pas"/>
        <UnitName Value="indylaz"/>
        <WindowIndex Value="0"/>
        <TopLine Value="1"/>
        <CursorPos X="19" Y="10"/>
        <UsageCount Value="10"/>
      </Unit36>
      <Unit37>
        <Filename Value="..\jcl\source\include\jcl.inc"/>
        <WindowIndex Value="0"/>
        <TopLine Value="141"/>
        <CursorPos X="8" Y="156"/>
        <UsageCount Value="10"/>
      </Unit37>
      <Unit38>
        <Filename Value="..\jcl\source\windows\JclWin32.pas"/>
        <UnitName Value="JclWin32"/>
        <WindowIndex Value="0"/>
        <TopLine Value="8849"/>
        <CursorPos X="4" Y="8874"/>
        <UsageCount Value="12"/>
      </Unit38>
      <Unit39>
        <Filename Value="..\..\jcl\source\windows\JclWin32.pas"/>
        <UnitName Value="JclWin32"/>
        <WindowIndex Value="0"/>
        <TopLine Value="8851"/>
        <CursorPos X="15" Y="8864"/>
        <UsageCount Value="10"/>
      </Unit39>
      <Unit40>
        <Filename Value="..\jcl\source\common\JclSysUtils.pas"/>
        <UnitName Value="JclSysUtils"/>
        <WindowIndex Value="0"/>
        <TopLine Value="632"/>
        <CursorPos X="14" Y="647"/>
        <UsageCount Value="12"/>
      </Unit40>
      <Unit41>
        <Filename Value="..\jcl\source\common\JclUnicode.pas"/>
        <UnitName Value="JclUnicode"/>
        <WindowIndex Value="0"/>
        <TopLine Value="4739"/>
        <CursorPos X="2" Y="4751"/>
        <UsageCount Value="12"/>
      </Unit41>
      <Unit42>
        <Filename Value="C:\lazarus\fpc\2.6.0\source\packages\fcl-extra\src\win\daemonapp.inc"/>
        <WindowIndex Value="0"/>
        <TopLine Value="355"/>
        <CursorPos X="36" Y="363"/>
        <UsageCount Value="10"/>
      </Unit42>
      <Unit43>
        <Filename Value="C:\codetyphon\lazarus\components\pl_Indy\pl_indycomp.pas"/>
        <UnitName Value="pl_indycomp"/>
        <WindowIndex Value="0"/>
        <TopLine Value="1"/>
        <CursorPos X="1" Y="1"/>
        <UsageCount Value="10"/>
      </Unit43>
      <Unit44>
        <Filename Value="C:\codetyphon\lazarus\packager\registration\lazaruspackageintf.pas"/>
        <UnitName Value="LazarusPackageIntf"/>
        <WindowIndex Value="0"/>
        <TopLine Value="64"/>
        <CursorPos X="1" Y="1"/>
        <UsageCount Value="10"/>
      </Unit44>
      <Unit45>
        <Filename Value="C:\codetyphon\lazarus\lcl\interfaces\win32\interfaces.pp"/>
        <UnitName Value="Interfaces"/>
        <WindowIndex Value="0"/>
        <TopLine Value="1"/>
        <CursorPos X="1" Y="1"/>
        <UsageCount Value="10"/>
      </Unit45>
      <Unit46>
        <Filename Value="..\jcl\source\common\JclStrings.pas"/>
        <UnitName Value="JclStrings"/>
        <WindowIndex Value="0"/>
        <TopLine Value="580"/>
        <CursorPos X="70" Y="596"/>
        <UsageCount Value="10"/>
      </Unit46>
      <Unit47>
        <Filename Value="..\jcl\source\common\JclDateTime.pas"/>
        <UnitName Value="JclDateTime"/>
        <WindowIndex Value="0"/>
        <TopLine Value="75"/>
        <CursorPos X="81" Y="90"/>
        <UsageCount Value="10"/>
      </Unit47>
      <Unit48>
        <Filename Value="C:\codetyphon\fpcsrc\rtl\win\wininc\base.inc"/>
        <WindowIndex Value="0"/>
        <TopLine Value="186"/>
        <CursorPos X="6" Y="201"/>
        <UsageCount Value="10"/>
      </Unit48>
      <Unit49>
        <Filename Value="C:\codetyphon\fpcsrc\rtl\inc\systemh.inc"/>
        <WindowIndex Value="0"/>
        <TopLine Value="257"/>
        <CursorPos X="3" Y="272"/>
        <UsageCount Value="10"/>
      </Unit49>
      <Unit50>
        <Filename Value="..\jcl\source\common\JclAnsiStrings.pas"/>
        <UnitName Value="JclAnsiStrings"/>
        <WindowIndex Value="0"/>
        <TopLine Value="494"/>
        <CursorPos X="2" Y="504"/>
        <UsageCount Value="10"/>
      </Unit50>
    </Units>
    <JumpHistory Count="0" HistoryIndex="-1"/>
  </ProjectOptions>
  <CompilerOptions>
    <Version Value="11"/>
    <PathDelim Value="\"/>
    <Target>
      <Filename Value="..\waptservice.exe"/>
    </Target>
    <SearchPaths>
      <IncludeFiles Value="$(ProjOutDir);..\jcl\source\include;C:\codetyphon\lazarus\components\pl_Indy\source\base\"/>
      <OtherUnitFiles Value="..\wapt-get;..\jcl\source\common;..\jcl\source\include;..\jcl\source\windows"/>
      <UnitOutputDirectory Value="lib"/>
    </SearchPaths>
    <CodeGeneration>
      <SmartLinkUnit Value="True"/>
    </CodeGeneration>
    <Linking>
      <Debugging>
        <GenerateDebugInfo Value="False"/>
        <UseLineInfoUnit Value="False"/>
        <StripSymbols Value="True"/>
      </Debugging>
    </Linking>
    <Other>
      <CompilerMessages>
        <UseMsgFile Value="True"/>
      </CompilerMessages>
      <CompilerPath Value="$(CompPath)"/>
      <ExecuteBefore>
        <Command Value="psservice.exe stop waptservice"/>
        <ShowAllMessages Value="True"/>
      </ExecuteBefore>
      <ExecuteAfter>
        <Command Value="psservice.exe  start waptservice"/>
        <ShowAllMessages Value="True"/>
      </ExecuteAfter>
    </Other>
  </CompilerOptions>
  <Debugging>
    <Watches Count="1">
      <Item1>
        <Expression Value="DWORD"/>
      </Item1>
    </Watches>
    <Exceptions Count="4">
      <Item1>
        <Name Value="EAbort"/>
      </Item1>
      <Item2>
        <Name Value="ECodetoolError"/>
      </Item2>
      <Item3>
        <Name Value="EFOpenError"/>
      </Item3>
      <Item4>
        <Name Value="EIdSocketError"/>
      </Item4>
    </Exceptions>
  </Debugging>
  <EditorMacros Count="0"/>
</CONFIG>
