<?xml version="1.0"?>
<CONFIG>
  <ProjectOptions>
    <Version Value="9"/>
    <PathDelim Value="\"/>
    <General>
      <Flags>
        <MainUnitHasCreateFormStatements Value="False"/>
      </Flags>
      <MainUnit Value="0"/>
      <Title Value="waptservice"/>
      <ResourceType Value="res"/>
      <UseXPManifest Value="True"/>
      <Icon Value="0"/>
      <ActiveWindowIndexAtStart Value="0"/>
    </General>
    <i18n>
      <EnableI18N LFM="False"/>
    </i18n>
    <VersionInfo>
      <UseVersionInfo Value="True"/>
      <MinorVersionNr Value="4"/>
      <Language Value="040C"/>
      <StringTable CompanyName="Tranquil IT Systems" FileDescription="WAPT Service helper" ProductVersion=""/>
    </VersionInfo>
    <BuildModes Count="1" Active="Default">
      <Item1 Name="Default" Default="True"/>
    </BuildModes>
    <PublishOptions>
      <Version Value="2"/>
      <IncludeFileFilter Value="*.(pas|pp|inc|lfm|lpr|lrs|lpi|lpk|sh|xml)"/>
      <ExcludeFileFilter Value="*.(bak|ppu|o|so);*~;backup"/>
    </PublishOptions>
    <RunParams>
      <local>
        <FormatVersion Value="1"/>
        <CommandLineParams Value="/install"/>
      </local>
    </RunParams>
    <RequiredPackages Count="8">
      <Item1>
        <PackageName Value="SynEdit"/>
      </Item1>
      <Item2>
        <PackageName Value="pltis_python4delphi"/>
      </Item2>
      <Item3>
        <PackageName Value="pltis_superobject"/>
      </Item3>
      <Item4>
        <PackageName Value="pl_indycomp"/>
      </Item4>
      <Item5>
        <PackageName Value="SQLDBLaz"/>
        <MinVersion Major="1" Release="1" Valid="True"/>
      </Item5>
      <Item6>
        <PackageName Value="LazDaemon"/>
      </Item6>
      <Item7>
        <PackageName Value="LCL"/>
      </Item7>
      <Item8>
        <PackageName Value="FCL"/>
      </Item8>
    </RequiredPackages>
    <Units Count="98">
      <Unit0>
        <Filename Value="waptservice.lpr"/>
        <IsPartOfProject Value="True"/>
        <UnitName Value="waptservice"/>
        <WindowIndex Value="0"/>
        <TopLine Value="1"/>
        <CursorPos X="7" Y="6"/>
        <UsageCount Value="202"/>
      </Unit0>
      <Unit1>
        <Filename Value="waptmapper.pas"/>
        <IsPartOfProject Value="True"/>
        <ComponentName Value="DaemonMapper1"/>
        <HasResources Value="True"/>
        <UnitName Value="WaptMapper"/>
        <WindowIndex Value="0"/>
        <TopLine Value="29"/>
        <CursorPos X="37" Y="6"/>
        <UsageCount Value="202"/>
      </Unit1>
      <Unit2>
        <Filename Value="waptunit.pas"/>
        <IsPartOfProject Value="True"/>
        <ComponentName Value="WaptDaemon"/>
        <HasResources Value="True"/>
        <ResourceBaseClass Value="DataModule"/>
        <UnitName Value="WaptUnit"/>
        <IsVisibleTab Value="True"/>
        <EditorIndex Value="1"/>
        <WindowIndex Value="0"/>
        <TopLine Value="430"/>
        <CursorPos X="1" Y="431"/>
        <UsageCount Value="202"/>
        <Loaded Value="True"/>
        <LoadedDesigner Value="True"/>
      </Unit2>
      <Unit3>
        <Filename Value="unit1.pas"/>
        <UnitName Value="Unit1"/>
        <WindowIndex Value="0"/>
        <TopLine Value="1"/>
        <CursorPos X="1" Y="1"/>
        <UsageCount Value="8"/>
      </Unit3>
      <Unit4>
        <Filename Value="C:\lazarus\fpc\2.6.0\source\packages\fcl-extra\src\daemonapp.pp"/>
        <UnitName Value="daemonapp"/>
        <WindowIndex Value="0"/>
        <TopLine Value="307"/>
        <CursorPos X="27" Y="308"/>
        <UsageCount Value="17"/>
      </Unit4>
      <Unit5>
        <Filename Value="C:\lazarus\components\daemon\lazdaemonapp.pp"/>
        <UnitName Value="lazdaemonapp"/>
        <WindowIndex Value="0"/>
        <TopLine Value="1"/>
        <CursorPos X="1" Y="1"/>
        <UsageCount Value="8"/>
      </Unit5>
      <Unit6>
        <Filename Value="C:\lazarus\lcl\interfaces\win32\interfaces.pp"/>
        <UnitName Value="Interfaces"/>
        <WindowIndex Value="0"/>
        <TopLine Value="8"/>
        <CursorPos X="1" Y="1"/>
        <UsageCount Value="17"/>
      </Unit6>
      <Unit7>
        <Filename Value="C:\lazarus\fpc\2.6.0\source\packages\fcl-web\src\jsonrpc\fpjsonrpc.pp"/>
        <UnitName Value="fpjsonrpc"/>
        <WindowIndex Value="0"/>
        <TopLine Value="91"/>
        <CursorPos X="1" Y="1"/>
        <UsageCount Value="1"/>
      </Unit7>
      <Unit8>
        <Filename Value="..\..\indy\IdCustomHTTPServer.pas"/>
        <UnitName Value="IdCustomHTTPServer"/>
        <WindowIndex Value="0"/>
        <TopLine Value="1460"/>
        <CursorPos X="30" Y="1478"/>
        <UsageCount Value="3"/>
      </Unit8>
      <Unit9>
        <Filename Value="..\wapt-get\waptcommon.pas"/>
        <IsPartOfProject Value="True"/>
        <UnitName Value="waptcommon"/>
        <EditorIndex Value="0"/>
        <WindowIndex Value="0"/>
        <TopLine Value="199"/>
        <CursorPos X="13" Y="230"/>
        <UsageCount Value="172"/>
        <Loaded Value="True"/>
      </Unit9>
      <Unit10>
        <Filename Value="C:\lazarus\fpc\2.6.0\source\packages\fcl-process\src\process.pp"/>
        <UnitName Value="process"/>
        <WindowIndex Value="0"/>
        <TopLine Value="276"/>
        <CursorPos X="11" Y="160"/>
        <UsageCount Value="1"/>
      </Unit10>
      <Unit11>
        <Filename Value="..\wapt-get\waptget.lpr"/>
        <UnitName Value="waptget"/>
        <WindowIndex Value="0"/>
        <TopLine Value="1"/>
        <CursorPos X="1" Y="1"/>
        <UsageCount Value="10"/>
      </Unit11>
      <Unit12>
        <Filename Value="C:\lazarus\fpc\2.6.0\source\packages\fcl-base\src\custapp.pp"/>
        <UnitName Value="CustApp"/>
        <WindowIndex Value="0"/>
        <TopLine Value="55"/>
        <CursorPos X="23" Y="87"/>
        <UsageCount Value="1"/>
      </Unit12>
      <Unit13>
        <Filename Value="C:\lazarus\fpc\2.6.0\source\packages\fcl-base\src\eventlog.pp"/>
        <UnitName Value="eventlog"/>
        <WindowIndex Value="0"/>
        <TopLine Value="229"/>
        <CursorPos X="26" Y="231"/>
        <UsageCount Value="1"/>
      </Unit13>
      <Unit14>
        <Filename Value="C:\lazarus\fpc\2.6.0\source\packages\fcl-base\src\win\eventlog.inc"/>
        <WindowIndex Value="0"/>
        <TopLine Value="126"/>
        <CursorPos X="3" Y="88"/>
        <UsageCount Value="1"/>
      </Unit14>
      <Unit15>
        <Filename Value="..\common.py"/>
        <WindowIndex Value="0"/>
        <TopLine Value="49"/>
        <CursorPos X="1" Y="1"/>
        <UsageCount Value="1"/>
        <DefaultSyntaxHighlighter Value="Python"/>
      </Unit15>
      <Unit16>
        <Filename Value="waptunit.lfm"/>
        <WindowIndex Value="0"/>
        <TopLine Value="10"/>
        <CursorPos X="1" Y="30"/>
        <UsageCount Value="1"/>
        <DefaultSyntaxHighlighter Value="LFM"/>
      </Unit16>
      <Unit17>
        <Filename Value="..\..\indy\IdLogBase.pas"/>
        <UnitName Value="IdLogBase"/>
        <WindowIndex Value="0"/>
        <TopLine Value="27"/>
        <CursorPos X="12" Y="45"/>
        <UsageCount Value="1"/>
      </Unit17>
      <Unit18>
        <Filename Value="..\..\tishelp\utishelp.pas"/>
        <ComponentName Value="VisTisHelp"/>
        <HasResources Value="True"/>
        <ResourceBaseClass Value="Form"/>
        <UnitName Value="utishelp"/>
        <WindowIndex Value="0"/>
        <TopLine Value="55"/>
        <CursorPos X="31" Y="84"/>
        <UsageCount Value="4"/>
      </Unit18>
      <Unit19>
        <Filename Value="..\..\tishelp\jcl\source\common\JclSysInfo.pas"/>
        <UnitName Value="JclSysInfo"/>
        <WindowIndex Value="0"/>
        <TopLine Value="46"/>
        <CursorPos X="2" Y="65"/>
        <UsageCount Value="4"/>
      </Unit19>
      <Unit20>
        <Filename Value="C:\lazarus\fpc\2.6.0\source\rtl\objpas\classes\classesh.inc"/>
        <WindowIndex Value="0"/>
        <TopLine Value="537"/>
        <CursorPos X="5" Y="556"/>
        <UsageCount Value="3"/>
      </Unit20>
      <Unit21>
        <Filename Value="C:\lazarus\fpc\2.6.0\source\rtl\objpas\classes\stringl.inc"/>
        <WindowIndex Value="0"/>
        <TopLine Value="188"/>
        <CursorPos X="18" Y="193"/>
        <UsageCount Value="3"/>
      </Unit21>
      <Unit22>
        <Filename Value="C:\lazarus\fpc\2.6.0\source\rtl\objpas\strutils.pp"/>
        <UnitName Value="strutils"/>
        <WindowIndex Value="0"/>
        <TopLine Value="686"/>
        <CursorPos X="3" Y="709"/>
        <UsageCount Value="3"/>
      </Unit22>
      <Unit23>
        <Filename Value="C:\lazarus\fpc\2.6.0\source\packages\fcl-db\src\sqldb\sqlite\sqlite3conn.pp"/>
        <UnitName Value="sqlite3conn"/>
        <WindowIndex Value="0"/>
        <TopLine Value="37"/>
        <CursorPos X="40" Y="28"/>
        <UsageCount Value="5"/>
      </Unit23>
      <Unit24>
        <Filename Value="C:\lazarus\fpc\2.6.0\source\packages\sqlite\src\sqlite3dyn.pp"/>
        <UnitName Value="sqlite3dyn"/>
        <WindowIndex Value="0"/>
        <TopLine Value="1"/>
        <CursorPos X="10" Y="5"/>
        <UsageCount Value="5"/>
      </Unit24>
      <Unit25>
        <Filename Value="C:\lazarus\fpc\2.6.0\source\packages\sqlite\src\sqlite3.inc"/>
        <WindowIndex Value="0"/>
        <TopLine Value="1977"/>
        <CursorPos X="1" Y="1977"/>
        <UsageCount Value="5"/>
      </Unit25>
      <Unit26>
        <Filename Value="..\..\indy\IdStack.pas"/>
        <UnitName Value="IdStack"/>
        <WindowIndex Value="0"/>
        <TopLine Value="683"/>
        <CursorPos X="20" Y="705"/>
        <UsageCount Value="2"/>
      </Unit26>
      <Unit27>
        <Filename Value="..\..\jcl\source\common\JclSysInfo.pas"/>
        <UnitName Value="JclSysInfo"/>
        <WindowIndex Value="0"/>
        <TopLine Value="48"/>
        <CursorPos X="23" Y="61"/>
        <UsageCount Value="2"/>
      </Unit27>
      <Unit28>
        <Filename Value="..\..\jcl\source\common\JclStrings.pas"/>
        <UnitName Value="JclStrings"/>
        <WindowIndex Value="0"/>
        <TopLine Value="49"/>
        <CursorPos X="8" Y="57"/>
        <UsageCount Value="2"/>
      </Unit28>
      <Unit29>
        <Filename Value="..\..\jcl\source\common\JclUnicode.pas"/>
        <UnitName Value="JclUnicode"/>
        <WindowIndex Value="0"/>
        <TopLine Value="1394"/>
        <CursorPos X="12" Y="1411"/>
        <UsageCount Value="2"/>
      </Unit29>
      <Unit30>
        <Filename Value="..\..\jcl\source\windows\JclShell.pas"/>
        <UnitName Value="JclShell"/>
        <WindowIndex Value="0"/>
        <TopLine Value="1"/>
        <CursorPos X="1" Y="1"/>
        <UsageCount Value="2"/>
      </Unit30>
      <Unit31>
        <Filename Value="..\..\jcl\source\common\JclSynch.pas"/>
        <UnitName Value="JclSynch"/>
        <WindowIndex Value="0"/>
        <TopLine Value="1"/>
        <CursorPos X="1" Y="1"/>
        <UsageCount Value="2"/>
      </Unit31>
      <Unit32>
        <Filename Value="..\..\jcl\source\common\JclSysUtils.pas"/>
        <UnitName Value="JclSysUtils"/>
        <WindowIndex Value="0"/>
        <TopLine Value="4142"/>
        <CursorPos X="25" Y="4159"/>
        <UsageCount Value="2"/>
      </Unit32>
      <Unit33>
        <Filename Value="..\..\indy\IdStreamVCL.pas"/>
        <UnitName Value="IdStreamVCL"/>
        <WindowIndex Value="0"/>
        <TopLine Value="10"/>
        <CursorPos X="6" Y="31"/>
        <UsageCount Value="3"/>
      </Unit33>
      <Unit34>
        <Filename Value="C:\lazarus\fpc\2.6.0\source\rtl\win\sysutils.pp"/>
        <UnitName Value="sysutils"/>
        <WindowIndex Value="0"/>
        <TopLine Value="1244"/>
        <CursorPos X="35" Y="1274"/>
        <UsageCount Value="2"/>
      </Unit34>
      <Unit35>
        <Filename Value="C:\lazarus\fpc\2.6.0\source\packages\winunits-jedi\src\jwatlhelp32.pas"/>
        <UnitName Value="JwaTlHelp32"/>
        <WindowIndex Value="0"/>
        <TopLine Value="265"/>
        <CursorPos X="1" Y="1"/>
        <UsageCount Value="2"/>
      </Unit35>
      <Unit36>
        <Filename Value="..\..\indy\indylaz.pas"/>
        <UnitName Value="indylaz"/>
        <WindowIndex Value="0"/>
        <TopLine Value="1"/>
        <CursorPos X="19" Y="10"/>
        <UsageCount Value="2"/>
      </Unit36>
      <Unit37>
        <Filename Value="..\jcl\source\include\jcl.inc"/>
        <WindowIndex Value="0"/>
        <TopLine Value="141"/>
        <CursorPos X="8" Y="156"/>
        <UsageCount Value="2"/>
      </Unit37>
      <Unit38>
        <Filename Value="..\jcl\source\windows\JclWin32.pas"/>
        <UnitName Value="JclWin32"/>
        <WindowIndex Value="0"/>
        <TopLine Value="8849"/>
        <CursorPos X="4" Y="8874"/>
        <UsageCount Value="4"/>
      </Unit38>
      <Unit39>
        <Filename Value="..\..\jcl\source\windows\JclWin32.pas"/>
        <UnitName Value="JclWin32"/>
        <WindowIndex Value="0"/>
        <TopLine Value="8851"/>
        <CursorPos X="15" Y="8864"/>
        <UsageCount Value="2"/>
      </Unit39>
      <Unit40>
        <Filename Value="..\jcl\source\common\JclSysUtils.pas"/>
        <UnitName Value="JclSysUtils"/>
        <WindowIndex Value="0"/>
        <TopLine Value="632"/>
        <CursorPos X="14" Y="647"/>
        <UsageCount Value="4"/>
      </Unit40>
      <Unit41>
        <Filename Value="..\jcl\source\common\JclUnicode.pas"/>
        <UnitName Value="JclUnicode"/>
        <WindowIndex Value="0"/>
        <TopLine Value="4739"/>
        <CursorPos X="2" Y="4751"/>
        <UsageCount Value="4"/>
      </Unit41>
      <Unit42>
        <Filename Value="C:\lazarus\fpc\2.6.0\source\packages\fcl-extra\src\win\daemonapp.inc"/>
        <WindowIndex Value="0"/>
        <TopLine Value="355"/>
        <CursorPos X="36" Y="363"/>
        <UsageCount Value="2"/>
      </Unit42>
      <Unit43>
        <Filename Value="C:\codetyphon\lazarus\components\pl_Indy\pl_indycomp.pas"/>
        <UnitName Value="pl_indycomp"/>
        <WindowIndex Value="0"/>
        <TopLine Value="1"/>
        <CursorPos X="1" Y="1"/>
        <UsageCount Value="2"/>
      </Unit43>
      <Unit44>
        <Filename Value="C:\codetyphon\lazarus\packager\registration\lazaruspackageintf.pas"/>
        <UnitName Value="LazarusPackageIntf"/>
        <WindowIndex Value="0"/>
        <TopLine Value="64"/>
        <CursorPos X="1" Y="1"/>
        <UsageCount Value="2"/>
      </Unit44>
      <Unit45>
        <Filename Value="C:\codetyphon\lazarus\lcl\interfaces\win32\interfaces.pp"/>
        <UnitName Value="Interfaces"/>
        <WindowIndex Value="0"/>
        <TopLine Value="1"/>
        <CursorPos X="1" Y="1"/>
        <UsageCount Value="2"/>
      </Unit45>
      <Unit46>
        <Filename Value="..\jcl\source\common\JclStrings.pas"/>
        <UnitName Value="JclStrings"/>
        <WindowIndex Value="0"/>
        <TopLine Value="1"/>
        <CursorPos X="1" Y="1"/>
        <UsageCount Value="10"/>
      </Unit46>
      <Unit47>
        <Filename Value="..\jcl\source\common\JclDateTime.pas"/>
        <UnitName Value="JclDateTime"/>
        <WindowIndex Value="0"/>
        <TopLine Value="844"/>
        <CursorPos X="97" Y="862"/>
        <UsageCount Value="2"/>
      </Unit47>
      <Unit48>
        <Filename Value="C:\codetyphon\fpcsrc\rtl\win\wininc\base.inc"/>
        <WindowIndex Value="0"/>
        <TopLine Value="186"/>
        <CursorPos X="6" Y="201"/>
        <UsageCount Value="2"/>
      </Unit48>
      <Unit49>
        <Filename Value="C:\codetyphon\fpcsrc\rtl\inc\systemh.inc"/>
        <WindowIndex Value="0"/>
        <TopLine Value="257"/>
        <CursorPos X="3" Y="272"/>
        <UsageCount Value="2"/>
      </Unit49>
      <Unit50>
        <Filename Value="..\jcl\source\common\JclAnsiStrings.pas"/>
        <UnitName Value="JclAnsiStrings"/>
        <WindowIndex Value="0"/>
        <TopLine Value="494"/>
        <CursorPos X="2" Y="504"/>
        <UsageCount Value="2"/>
      </Unit50>
      <Unit51>
        <Filename Value="C:\codetyphon\fpcsrc\packages\fcl-extra\src\daemonapp.pp"/>
        <UnitName Value="daemonapp"/>
        <WindowIndex Value="0"/>
        <TopLine Value="234"/>
        <CursorPos X="34" Y="352"/>
        <UsageCount Value="10"/>
      </Unit51>
      <Unit52>
        <Filename Value="..\superobject\superobject.pas"/>
        <UnitName Value="superobject"/>
        <WindowIndex Value="0"/>
        <TopLine Value="248"/>
        <CursorPos X="15" Y="271"/>
        <UsageCount Value="122"/>
      </Unit52>
      <Unit53>
        <Filename Value="..\jcl\source\common\JclSysInfo.pas"/>
        <UnitName Value="JclSysInfo"/>
        <WindowIndex Value="0"/>
        <TopLine Value="55"/>
        <CursorPos X="1" Y="89"/>
        <UsageCount Value="3"/>
      </Unit53>
      <Unit54>
        <Filename Value="..\jcl\source\windows\JclSecurity.pas"/>
        <UnitName Value="JclSecurity"/>
        <WindowIndex Value="0"/>
        <TopLine Value="804"/>
        <CursorPos X="45" Y="821"/>
        <UsageCount Value="2"/>
      </Unit54>
      <Unit55>
        <Filename Value="..\jcl\source\common\JclSynch.pas"/>
        <UnitName Value="JclSynch"/>
        <WindowIndex Value="0"/>
        <TopLine Value="1"/>
        <CursorPos X="1" Y="1"/>
        <UsageCount Value="2"/>
      </Unit55>
      <Unit56>
        <Filename Value="..\jcl\source\common\JclStreams.pas"/>
        <UnitName Value="JclStreams"/>
        <WindowIndex Value="0"/>
        <TopLine Value="3009"/>
        <CursorPos X="53" Y="3027"/>
        <UsageCount Value="2"/>
      </Unit56>
      <Unit57>
        <Filename Value="..\jcl\source\windows\JclConsole.pas"/>
        <UnitName Value="JclConsole"/>
        <WindowIndex Value="0"/>
        <TopLine Value="731"/>
        <CursorPos X="56" Y="749"/>
        <UsageCount Value="2"/>
      </Unit57>
      <Unit58>
        <Filename Value="..\jcl\source\windows\JclRegistry.pas"/>
        <UnitName Value="JclRegistry"/>
        <WindowIndex Value="0"/>
        <TopLine Value="127"/>
        <CursorPos X="20" Y="143"/>
        <UsageCount Value="3"/>
      </Unit58>
      <Unit59>
        <Filename Value="C:\codetyphon\fpcsrc\rtl\win\wininc\defines.inc"/>
        <WindowIndex Value="0"/>
        <TopLine Value="1414"/>
        <CursorPos X="6" Y="1430"/>
        <UsageCount Value="22"/>
      </Unit59>
      <Unit60>
        <Filename Value="..\jcl\source\common\JclResources.pas"/>
        <UnitName Value="JclResources"/>
        <WindowIndex Value="0"/>
        <TopLine Value="106"/>
        <CursorPos X="1" Y="1"/>
        <UsageCount Value="3"/>
      </Unit60>
      <Unit61>
        <Filename Value="C:\codetyphon\fpcsrc\rtl\objpas\strutils.pp"/>
        <UnitName Value="strutils"/>
        <WindowIndex Value="0"/>
        <TopLine Value="1"/>
        <CursorPos X="1" Y="1"/>
        <UsageCount Value="10"/>
      </Unit61>
      <Unit62>
        <Filename Value="C:\codetyphon\lazarus\components\pl_Indy\source\base\IdCustomTCPServer.pas"/>
        <UnitName Value="IdCustomTCPServer"/>
        <WindowIndex Value="0"/>
        <TopLine Value="290"/>
        <CursorPos X="5" Y="308"/>
        <UsageCount Value="2"/>
      </Unit62>
      <Unit63>
        <Filename Value="C:\codetyphon\lazarus\components\pl_Indy\source\base\IdSocketHandle.pas"/>
        <UnitName Value="IdSocketHandle"/>
        <WindowIndex Value="0"/>
        <TopLine Value="366"/>
        <CursorPos X="1" Y="385"/>
        <UsageCount Value="10"/>
      </Unit63>
      <Unit64>
        <Filename Value="C:\codetyphon\fpcsrc\rtl\objpas\classes\classesh.inc"/>
        <WindowIndex Value="0"/>
        <TopLine Value="616"/>
        <CursorPos X="3" Y="617"/>
        <UsageCount Value="10"/>
      </Unit64>
      <Unit65>
        <Filename Value="C:\codetyphon\fpcsrc\rtl\objpas\classes\collect.inc"/>
        <WindowIndex Value="0"/>
        <TopLine Value="312"/>
        <CursorPos X="3" Y="314"/>
        <UsageCount Value="2"/>
      </Unit65>
      <Unit66>
        <Filename Value="C:\codetyphon\lazarus\components\pl_Indy\source\base\IdCustomHTTPServer.pas"/>
        <UnitName Value="IdCustomHTTPServer"/>
        <WindowIndex Value="0"/>
        <TopLine Value="1217"/>
        <CursorPos X="29" Y="1237"/>
        <UsageCount Value="25"/>
      </Unit66>
      <Unit67>
        <Filename Value="C:\codetyphon\lazarus\components\pl_Indy\source\base\IdHTTPHeaderInfo.pas"/>
        <UnitName Value="IdHTTPHeaderInfo"/>
        <WindowIndex Value="0"/>
        <TopLine Value="209"/>
        <CursorPos X="5" Y="224"/>
        <UsageCount Value="24"/>
      </Unit67>
      <Unit68>
        <Filename Value="C:\codetyphon\lazarus\components\pl_Indy\source\base\IdHTTPServer.pas"/>
        <UnitName Value="IdHTTPServer"/>
        <WindowIndex Value="0"/>
        <TopLine Value="17"/>
        <CursorPos X="21" Y="48"/>
        <UsageCount Value="8"/>
      </Unit68>
      <Unit69>
        <Filename Value="C:\codetyphon\lazarus\components\pl_Indy\source\base\IdIOHandler.pas"/>
        <UnitName Value="IdIOHandler"/>
        <WindowIndex Value="0"/>
        <TopLine Value="533"/>
        <CursorPos X="15" Y="549"/>
        <UsageCount Value="6"/>
      </Unit69>
      <Unit70>
        <Filename Value="C:\codetyphon\lazarus\components\pl_Indy\source\base\IdGlobal.pas"/>
        <UnitName Value="IdGlobal"/>
        <WindowIndex Value="0"/>
        <TopLine Value="5368"/>
        <CursorPos X="14" Y="5383"/>
        <UsageCount Value="11"/>
      </Unit70>
      <Unit71>
        <Filename Value="C:\codetyphon\fpcsrc\packages\fcl-process\src\process.pp"/>
        <UnitName Value="process"/>
        <WindowIndex Value="0"/>
        <TopLine Value="9"/>
        <CursorPos X="32" Y="26"/>
        <UsageCount Value="12"/>
      </Unit71>
      <Unit72>
        <Filename Value="waptwmi.pas"/>
        <IsPartOfProject Value="True"/>
        <UnitName Value="waptwmi"/>
        <WindowIndex Value="0"/>
        <TopLine Value="1"/>
        <CursorPos X="10" Y="13"/>
        <UsageCount Value="95"/>
      </Unit72>
      <Unit73>
        <Filename Value="testwmi.lpr"/>
        <UnitName Value="WmiDelphiWin32_LateBinding"/>
        <WindowIndex Value="0"/>
        <TopLine Value="100"/>
        <CursorPos X="1" Y="122"/>
        <UsageCount Value="32"/>
      </Unit73>
      <Unit74>
        <Filename Value="C:\codetyphon\fpcsrc\packages\winunits-base\src\activex.pp"/>
        <UnitName Value="ActiveX"/>
        <WindowIndex Value="0"/>
        <TopLine Value="3901"/>
        <CursorPos X="12" Y="3919"/>
        <UsageCount Value="32"/>
      </Unit74>
      <Unit75>
        <Filename Value="..\wapt-get\winget.pas"/>
        <UnitName Value="Winget"/>
        <WindowIndex Value="0"/>
        <TopLine Value="127"/>
        <CursorPos X="54" Y="22"/>
        <UsageCount Value="7"/>
      </Unit75>
      <Unit76>
        <Filename Value="C:\codetyphon\lazarus\components\pl_Indy\source\base\IdURI.pas"/>
        <UnitName Value="IdURI"/>
        <WindowIndex Value="0"/>
        <TopLine Value="66"/>
        <CursorPos X="3" Y="81"/>
        <UsageCount Value="24"/>
      </Unit76>
      <Unit77>
        <Filename Value="C:\codetyphon\fpcsrc\rtl\win\wininc\redef.inc"/>
        <WindowIndex Value="0"/>
        <TopLine Value="452"/>
        <CursorPos X="10" Y="468"/>
        <UsageCount Value="22"/>
      </Unit77>
      <Unit78>
        <Filename Value="C:\codetyphon\lazarus\components\pl_LNet\source\lclwineventer.inc"/>
        <WindowIndex Value="0"/>
        <TopLine Value="58"/>
        <CursorPos X="1" Y="76"/>
        <UsageCount Value="10"/>
      </Unit78>
      <Unit79>
        <Filename Value="C:\codetyphon\lazarus\components\pl_LNet\source\lnetcomponents.pas"/>
        <UnitName Value="lNetComponents"/>
        <WindowIndex Value="0"/>
        <TopLine Value="78"/>
        <CursorPos X="17" Y="249"/>
        <UsageCount Value="10"/>
      </Unit79>
      <Unit80>
        <Filename Value="C:\codetyphon\fpcsrc\packages\fcl-extra\src\win\daemonapp.inc"/>
        <WindowIndex Value="0"/>
        <TopLine Value="27"/>
        <CursorPos X="1" Y="1"/>
        <UsageCount Value="10"/>
      </Unit80>
      <Unit81>
        <Filename Value="..\wapt-get\soutils.pas"/>
        <UnitName Value="soutils"/>
        <WindowIndex Value="0"/>
        <TopLine Value="1"/>
        <CursorPos X="24" Y="14"/>
        <UsageCount Value="10"/>
      </Unit81>
      <Unit82>
        <Filename Value="..\jcl\source\include\jclfpc.inc"/>
        <WindowIndex Value="0"/>
        <TopLine Value="89"/>
        <CursorPos X="29" Y="104"/>
        <UsageCount Value="11"/>
      </Unit82>
      <Unit83>
        <Filename Value="..\wapt-get\tiscommon.pas"/>
        <UnitName Value="tiscommon"/>
        <WindowIndex Value="0"/>
        <TopLine Value="963"/>
        <CursorPos X="14" Y="994"/>
        <UsageCount Value="10"/>
      </Unit83>
      <Unit84>
        <Filename Value="..\..\pltis_jcl\source\windows\JclShell.pas"/>
        <UnitName Value="JclShell"/>
        <WindowIndex Value="0"/>
        <TopLine Value="1"/>
        <CursorPos X="1" Y="1"/>
        <UsageCount Value="10"/>
      </Unit84>
      <Unit85>
        <Filename Value="..\..\pltis_jcl\source\common\JclSysInfo.pas"/>
        <UnitName Value="JclSysInfo"/>
        <WindowIndex Value="0"/>
        <TopLine Value="2377"/>
        <CursorPos X="47" Y="2408"/>
        <UsageCount Value="10"/>
      </Unit85>
      <Unit86>
        <Filename Value="..\..\pltis_jcl\source\common\JclSysUtils.pas"/>
        <UnitName Value="JclSysUtils"/>
        <WindowIndex Value="0"/>
        <TopLine Value="1"/>
        <CursorPos X="1" Y="1"/>
        <UsageCount Value="10"/>
      </Unit86>
      <Unit87>
        <Filename Value="..\..\pltis_jcl\source\common\JclStrings.pas"/>
        <UnitName Value="JclStrings"/>
        <WindowIndex Value="0"/>
        <TopLine Value="1"/>
        <CursorPos X="1" Y="1"/>
        <UsageCount Value="10"/>
      </Unit87>
      <Unit88>
        <Filename Value="..\..\pltis_jcl\source\common\JclTrees.pas"/>
        <UnitName Value="JclTrees"/>
        <WindowIndex Value="0"/>
        <TopLine Value="12890"/>
        <CursorPos X="34" Y="12901"/>
        <UsageCount Value="10"/>
      </Unit88>
      <Unit89>
        <Filename Value="..\..\pltis_python4delphi\PythonForDelphi\Components\Sources\Core\PythonAction.pas"/>
        <UnitName Value="PythonAction"/>
        <WindowIndex Value="0"/>
        <TopLine Value="1"/>
        <CursorPos X="1" Y="1"/>
        <UsageCount Value="10"/>
      </Unit89>
      <Unit90>
        <Filename Value="..\..\pltis_python4delphi\PythonForDelphi\Components\p4dlaz.pas"/>
        <UnitName Value="P4DLaz"/>
        <WindowIndex Value="0"/>
        <TopLine Value="5"/>
        <CursorPos X="58" Y="12"/>
        <UsageCount Value="10"/>
      </Unit90>
      <Unit91>
        <Filename Value="..\..\pltis_python4delphi\PythonForDelphi\Components\Sources\Core\PythonEngine.pas"/>
        <UnitName Value="PythonEngine"/>
        <WindowIndex Value="0"/>
        <TopLine Value="2313"/>
        <CursorPos X="3" Y="2325"/>
        <UsageCount Value="10"/>
      </Unit91>
      <Unit92>
        <Filename Value="C:\codetyphon\fpcsrc\tests\bench\shootout\obsolete\hash.pp"/>
        <UnitName Value="hash"/>
        <WindowIndex Value="0"/>
        <TopLine Value="1"/>
        <CursorPos X="1" Y="9"/>
        <UsageCount Value="10"/>
      </Unit92>
      <Unit93>
        <Filename Value="C:\codetyphon\fpcsrc\packages\hash\src\md5.pp"/>
        <UnitName Value="md5"/>
        <WindowIndex Value="0"/>
        <TopLine Value="1"/>
        <CursorPos X="1" Y="1"/>
        <UsageCount Value="10"/>
      </Unit93>
      <Unit94>
        <Filename Value="C:\codetyphon\fpcsrc\rtl\objpas\sysutils\sysstrh.inc"/>
        <WindowIndex Value="0"/>
        <TopLine Value="200"/>
        <CursorPos X="10" Y="218"/>
        <UsageCount Value="11"/>
      </Unit94>
      <Unit95>
        <Filename Value="C:\codetyphon\fpcsrc\rtl\objpas\sysutils\sysstr.inc"/>
        <WindowIndex Value="0"/>
        <TopLine Value="1"/>
        <CursorPos X="1" Y="1"/>
        <UsageCount Value="10"/>
      </Unit95>
      <Unit96>
        <Filename Value="..\wapt-get\networkadapterinfo.pas"/>
        <UnitName Value="NetworkAdapterInfo"/>
        <WindowIndex Value="0"/>
        <TopLine Value="1"/>
        <CursorPos X="5" Y="14"/>
        <UsageCount Value="11"/>
      </Unit96>
      <Unit97>
        <Filename Value="..\..\pltis_jcl\source\common\JclAnsiStrings.pas"/>
        <UnitName Value="JclAnsiStrings"/>
        <WindowIndex Value="0"/>
        <TopLine Value="2389"/>
        <CursorPos X="1" Y="2421"/>
        <UsageCount Value="10"/>
      </Unit97>
    </Units>
    <JumpHistory Count="30" HistoryIndex="29">
      <Position1>
        <Filename Value="..\wapt-get\waptcommon.pas"/>
        <Caret Line="104" Column="20" TopLine="84"/>
      </Position1>
      <Position2>
        <Filename Value="..\wapt-get\waptcommon.pas"/>
        <Caret Line="582" Column="1" TopLine="548"/>
      </Position2>
      <Position3>
        <Filename Value="..\wapt-get\waptcommon.pas"/>
        <Caret Line="40" Column="23" TopLine="19"/>
      </Position3>
      <Position4>
        <Filename Value="..\wapt-get\waptcommon.pas"/>
        <Caret Line="237" Column="19" TopLine="207"/>
      </Position4>
      <Position5>
        <Filename Value="..\wapt-get\waptcommon.pas"/>
        <Caret Line="83" Column="1" TopLine="57"/>
      </Position5>
      <Position6>
        <Filename Value="waptunit.pas"/>
        <Caret Line="462" Column="53" TopLine="460"/>
      </Position6>
      <Position7>
        <Filename Value="waptunit.pas"/>
        <Caret Line="13" Column="37" TopLine="1"/>
      </Position7>
      <Position8>
        <Filename Value="waptunit.pas"/>
        <Caret Line="245" Column="43" TopLine="214"/>
      </Position8>
      <Position9>
        <Filename Value="waptunit.pas"/>
        <Caret Line="1" Column="1" TopLine="1"/>
      </Position9>
      <Position10>
        <Filename Value="waptunit.pas"/>
        <Caret Line="244" Column="43" TopLine="214"/>
      </Position10>
      <Position11>
        <Filename Value="waptunit.pas"/>
        <Caret Line="276" Column="45" TopLine="246"/>
      </Position11>
      <Position12>
        <Filename Value="waptunit.pas"/>
        <Caret Line="425" Column="89" TopLine="396"/>
      </Position12>
      <Position13>
        <Filename Value="waptunit.pas"/>
        <Caret Line="470" Column="18" TopLine="440"/>
      </Position13>
      <Position14>
        <Filename Value="waptunit.pas"/>
        <Caret Line="502" Column="28" TopLine="473"/>
      </Position14>
      <Position15>
        <Filename Value="waptunit.pas"/>
        <Caret Line="246" Column="35" TopLine="222"/>
      </Position15>
      <Position16>
        <Filename Value="waptunit.pas"/>
        <Caret Line="1" Column="1" TopLine="1"/>
      </Position16>
      <Position17>
        <Filename Value="waptunit.pas"/>
        <Caret Line="95" Column="17" TopLine="64"/>
      </Position17>
      <Position18>
        <Filename Value="waptunit.pas"/>
        <Caret Line="143" Column="21" TopLine="128"/>
      </Position18>
      <Position19>
        <Filename Value="waptunit.pas"/>
        <Caret Line="353" Column="29" TopLine="336"/>
      </Position19>
      <Position20>
        <Filename Value="..\wapt-get\waptcommon.pas"/>
        <Caret Line="37" Column="23" TopLine="19"/>
      </Position20>
      <Position21>
        <Filename Value="..\wapt-get\waptcommon.pas"/>
        <Caret Line="230" Column="21" TopLine="199"/>
      </Position21>
      <Position22>
        <Filename Value="..\wapt-get\waptcommon.pas"/>
        <Caret Line="742" Column="63" TopLine="712"/>
      </Position22>
      <Position23>
        <Filename Value="..\wapt-get\waptcommon.pas"/>
        <Caret Line="37" Column="23" TopLine="19"/>
      </Position23>
      <Position24>
        <Filename Value="waptunit.pas"/>
        <Caret Line="353" Column="29" TopLine="336"/>
      </Position24>
      <Position25>
        <Filename Value="waptunit.pas"/>
        <Caret Line="388" Column="7" TopLine="381"/>
      </Position25>
      <Position26>
        <Filename Value="waptunit.pas"/>
        <Caret Line="389" Column="7" TopLine="382"/>
      </Position26>
      <Position27>
        <Filename Value="waptunit.pas"/>
        <Caret Line="390" Column="7" TopLine="383"/>
      </Position27>
      <Position28>
        <Filename Value="waptunit.pas"/>
        <Caret Line="391" Column="7" TopLine="384"/>
      </Position28>
      <Position29>
        <Filename Value="waptunit.pas"/>
        <Caret Line="390" Column="7" TopLine="383"/>
      </Position29>
      <Position30>
        <Filename Value="waptunit.pas"/>
        <Caret Line="288" Column="29" TopLine="260"/>
      </Position30>
    </JumpHistory>
  </ProjectOptions>
  <CompilerOptions>
    <Version Value="11"/>
    <PathDelim Value="\"/>
    <Target>
      <Filename Value="..\waptservice"/>
    </Target>
    <SearchPaths>
      <IncludeFiles Value="$(ProjOutDir)"/>
      <OtherUnitFiles Value="..\wapt-get"/>
      <UnitOutputDirectory Value="lib"/>
    </SearchPaths>
    <CodeGeneration>
      <SmartLinkUnit Value="True"/>
      <SmallerCode Value="True"/>
    </CodeGeneration>
    <Linking>
      <Debugging>
        <UseLineInfoUnit Value="False"/>
        <StripSymbols Value="True"/>
        <UseExternalDbgSyms Value="True"/>
      </Debugging>
      <LinkSmart Value="True"/>
    </Linking>
    <Other>
      <CompilerMessages>
        <UseMsgFile Value="True"/>
      </CompilerMessages>
      <CompilerPath Value="$(CompPath)"/>
      <ExecuteBefore>
        <Command Value="..\utils\psservice.exe stop waptservice"/>
        <ShowAllMessages Value="True"/>
      </ExecuteBefore>
      <ExecuteAfter>
        <Command Value="..\utils\psservice.exe  start waptservice"/>
        <ShowAllMessages Value="True"/>
      </ExecuteAfter>
    </Other>
  </CompilerOptions>
  <Debugging>
    <Watches Count="1">
      <Item1>
        <Expression Value="DWORD"/>
      </Item1>
    </Watches>
    <Exceptions Count="4">
      <Item1>
        <Name Value="EAbort"/>
      </Item1>
      <Item2>
        <Name Value="ECodetoolError"/>
      </Item2>
      <Item3>
        <Name Value="EFOpenError"/>
      </Item3>
      <Item4>
        <Name Value="EIdSocketError"/>
      </Item4>
    </Exceptions>
  </Debugging>
  <EditorMacros Count="0"/>
</CONFIG>
