<?xml version="1.0" encoding="UTF-8"?>
<CONFIG>
  <ProjectOptions>
    <Version Value="9"/>
    <PathDelim Value="\"/>
    <General>
      <SessionStorage Value="InProjectDir"/>
      <MainUnit Value="0"/>
      <Title Value="waptserverpostconf"/>
      <ResourceType Value="res"/>
      <UseXPManifest Value="True"/>
      <Icon Value="0"/>
    </General>
    <i18n>
      <EnableI18N LFM="False"/>
    </i18n>
    <VersionInfo>
      <UseVersionInfo Value="True"/>
      <MinorVersionNr Value="2"/>
      <RevisionNr Value="10"/>
      <StringTable ProductVersion=""/>
    </VersionInfo>
    <BuildModes Count="1">
      <Item1 Name="Default" Default="True"/>
    </BuildModes>
    <PublishOptions>
      <Version Value="2"/>
    </PublishOptions>
    <RunParams>
      <local>
        <FormatVersion Value="1"/>
      </local>
    </RunParams>
    <RequiredPackages Count="10">
      <Item1>
        <PackageName Value="HtmlComp"/>
      </Item1>
      <Item2>
        <PackageName Value="pl_synapsepkgvs"/>
      </Item2>
      <Item3>
        <PackageName Value="pl_fortesreport"/>
      </Item3>
      <Item4>
        <PackageName Value="pl_richview"/>
      </Item4>
      <Item5>
        <PackageName Value="TurboPowerIPro"/>
      </Item5>
      <Item6>
        <PackageName Value="pl_rx"/>
      </Item6>
      <Item7>
        <PackageName Value="pltis_utils"/>
      </Item7>
      <Item8>
        <PackageName Value="pltis_superobject"/>
      </Item8>
      <Item9>
        <PackageName Value="pl_luicontrols"/>
      </Item9>
      <Item10>
        <PackageName Value="LCL"/>
      </Item10>
    </RequiredPackages>
    <Units Count="6">
      <Unit0>
        <Filename Value="waptserverpostconf.lpr"/>
        <IsPartOfProject Value="True"/>
        <UnitName Value="waptserverpostconf"/>
      </Unit0>
      <Unit1>
        <Filename Value="uvisserverpostconf.pas"/>
        <IsPartOfProject Value="True"/>
        <ComponentName Value="VisWAPTServerPostConf"/>
        <HasResources Value="True"/>
        <ResourceBaseClass Value="Form"/>
        <UnitName Value="uVisServerPostconf"/>
      </Unit1>
      <Unit2>
        <Filename Value="..\..\wapt-get\UnitRedirect.pas"/>
        <IsPartOfProject Value="True"/>
        <UnitName Value="UnitRedirect"/>
      </Unit2>
      <Unit3>
        <Filename Value="..\..\wapt-get\waptcommon.pas"/>
        <IsPartOfProject Value="True"/>
        <UnitName Value="waptcommon"/>
      </Unit3>
      <Unit4>
        <Filename Value="..\..\wapt-get\networkadapterinfo.pas"/>
        <IsPartOfProject Value="True"/>
        <UnitName Value="NetworkAdapterInfo"/>
      </Unit4>
      <Unit5>
        <Filename Value="..\..\waptconsole\uvisloading.pas"/>
        <IsPartOfProject Value="True"/>
        <ComponentName Value="VisLoading"/>
        <HasResources Value="True"/>
        <ResourceBaseClass Value="Form"/>
        <UnitName Value="uvisloading"/>
      </Unit5>
    </Units>
  </ProjectOptions>
  <CompilerOptions>
    <Version Value="11"/>
    <PathDelim Value="\"/>
    <Target>
      <Filename Value="..\..\waptserverpostconf"/>
    </Target>
    <SearchPaths>
      <IncludeFiles Value="$(ProjOutDir)"/>
      <OtherUnitFiles Value="..\..\wapt-get;..\..\waptconsole"/>
      <UnitOutputDirectory Value="lib\$(TargetCPU)-$(TargetOS)"/>
    </SearchPaths>
    <CodeGeneration>
      <SmallerCode Value="True"/>
    </CodeGeneration>
    <Linking>
      <Debugging>
        <StripSymbols Value="True"/>
        <UseExternalDbgSyms Value="True"/>
      </Debugging>
      <LinkSmart Value="True"/>
      <Options>
        <Win32>
          <GraphicApplication Value="True"/>
        </Win32>
      </Options>
    </Linking>
    <Other>
      <CompilerMessages>
        <MsgFileName Value=""/>
      </CompilerMessages>
      <CompilerPath Value="$(CompPath)"/>
    </Other>
  </CompilerOptions>
  <Debugging>
    <Exceptions Count="3">
      <Item1>
        <Name Value="EAbort"/>
      </Item1>
      <Item2>
        <Name Value="ECodetoolError"/>
      </Item2>
      <Item3>
        <Name Value="EFOpenError"/>
      </Item3>
    </Exceptions>
  </Debugging>
</CONFIG>
