<?xml version="1.0"?>
<CONFIG>
  <ProjectOptions>
    <Version Value="9"/>
    <PathDelim Value="\"/>
    <General>
      <SessionStorage Value="InProjectDir"/>
      <MainUnit Value="0"/>
      <Title Value="wapttray"/>
      <ResourceType Value="res"/>
      <UseXPManifest Value="True"/>
      <Icon Value="0"/>
    </General>
    <i18n>
      <EnableI18N LFM="False"/>
    </i18n>
    <VersionInfo>
      <UseVersionInfo Value="True"/>
      <MinorVersionNr Value="1"/>
      <StringTable CompanyName="Tranquil IT Systems" FileDescription="WAPT Tray Icon" ProductName="WAPT" ProductVersion=""/>
    </VersionInfo>
    <BuildModes Count="1">
      <Item1 Name="Default" Default="True"/>
    </BuildModes>
    <PublishOptions>
      <Version Value="2"/>
      <IncludeFileFilter Value="*.(pas|pp|inc|lfm|lpr|lrs|lpi|lpk|sh|xml)"/>
      <ExcludeFileFilter Value="*.(bak|ppu|o|so);*~;backup"/>
    </PublishOptions>
    <RunParams>
      <local>
        <FormatVersion Value="1"/>
      </local>
    </RunParams>
    <RequiredPackages Count="5">
      <Item1>
        <PackageName Value="pl_indycomp"/>
      </Item1>
      <Item2>
        <PackageName Value="pltis_superobject"/>
      </Item2>
      <Item3>
        <PackageName Value="pltis_jcl"/>
      </Item3>
      <Item4>
        <PackageName Value="FCL"/>
      </Item4>
      <Item5>
        <PackageName Value="LCL"/>
      </Item5>
    </RequiredPackages>
    <Units Count="5">
      <Unit0>
        <Filename Value="wapttray.lpr"/>
        <IsPartOfProject Value="True"/>
        <UnitName Value="wapttray"/>
      </Unit0>
      <Unit1>
        <Filename Value="uwapttray.pas"/>
        <IsPartOfProject Value="True"/>
        <ComponentName Value="VisWAPTTray"/>
        <HasResources Value="True"/>
        <ResourceBaseClass Value="Form"/>
        <UnitName Value="uwapttray"/>
      </Unit1>
      <Unit2>
        <Filename Value="..\wapt-get\waptcommon.pas"/>
        <IsPartOfProject Value="True"/>
        <UnitName Value="waptcommon"/>
      </Unit2>
      <Unit3>
        <Filename Value="..\wapt-get\soutils.pas"/>
        <IsPartOfProject Value="True"/>
        <UnitName Value="soutils"/>
      </Unit3>
      <Unit4>
        <Filename Value="..\wapt-get\tiscommon.pas"/>
        <IsPartOfProject Value="True"/>
        <UnitName Value="tiscommon"/>
      </Unit4>
    </Units>
  </ProjectOptions>
  <CompilerOptions>
    <Version Value="11"/>
    <PathDelim Value="\"/>
    <Target>
      <Filename Value="../wapttray"/>
    </Target>
    <SearchPaths>
      <IncludeFiles Value="$(ProjOutDir)"/>
      <OtherUnitFiles Value="..\wapt-get"/>
      <UnitOutputDirectory Value="lib\$(TargetCPU)-$(TargetOS)"/>
    </SearchPaths>
    <CodeGeneration>
      <SmallerCode Value="True"/>
    </CodeGeneration>
    <Linking>
      <Debugging>
        <UseLineInfoUnit Value="False"/>
        <StripSymbols Value="True"/>
        <UseExternalDbgSyms Value="True"/>
      </Debugging>
      <LinkSmart Value="True"/>
      <Options>
        <Win32>
          <GraphicApplication Value="True"/>
        </Win32>
      </Options>
    </Linking>
    <Other>
      <CompilerMessages>
        <MsgFileName Value=""/>
      </CompilerMessages>
      <CompilerPath Value="$(CompPath)"/>
    </Other>
  </CompilerOptions>
  <Debugging>
    <Exceptions Count="3">
      <Item1>
        <Name Value="EAbort"/>
      </Item1>
      <Item2>
        <Name Value="ECodetoolError"/>
      </Item2>
      <Item3>
        <Name Value="EFOpenError"/>
      </Item3>
    </Exceptions>
  </Debugging>
</CONFIG>
