<?xml version="1.0" encoding="UTF-8"?>
<CONFIG>
  <ProjectOptions>
    <Version Value="10"/>
    <PathDelim Value="\"/>
    <General>
      <SessionStorage Value="InProjectDir"/>
      <MainUnit Value="0"/>
      <Title Value="waptwizard"/>
      <ResourceType Value="res"/>
      <Icon Value="0"/>
    </General>
    <VersionInfo>
      <UseVersionInfo Value="True"/>
      <AutoIncrementBuild Value="True"/>
      <MajorVersionNr Value="1"/>
      <MinorVersionNr Value="6"/>
      <RevisionNr Value="2"/>
      <BuildNr Value="3"/>
      <StringTable LegalCopyright="Tranquil IT Systems 2012-2018" ProductName="WAPT Enterprise Edition" ProductVersion="1.6.2"/>
    </VersionInfo>
    <BuildModes Count="1">
      <Item1 Name="Default" Default="True"/>
    </BuildModes>
    <PublishOptions>
      <Version Value="2"/>
    </PublishOptions>
    <RunParams>
      <local>
        <FormatVersion Value="1"/>
        <CommandLineParams Value="-c"/>
      </local>
    </RunParams>
    <RequiredPackages Count="9">
      <Item1>
        <PackageName Value="pltis_utils"/>
      </Item1>
      <Item2>
        <PackageName Value="pltis_wapt"/>
      </Item2>
      <Item3>
        <PackageName Value="pltis_virtualtreesextra"/>
      </Item3>
      <Item4>
        <PackageName Value="pltis_sogrid"/>
      </Item4>
      <Item5>
        <PackageName Value="python4lazarus_package"/>
      </Item5>
      <Item6>
        <PackageName Value="RunTimeTypeInfoControls"/>
      </Item6>
      <Item7>
        <PackageName Value="luicontrols"/>
      </Item7>
      <Item8>
        <PackageName Value="pltis_superobject"/>
      </Item8>
      <Item9>
        <PackageName Value="LCL"/>
      </Item9>
    </RequiredPackages>
    <Units Count="36">
      <Unit0>
        <Filename Value="waptwizard.lpr"/>
        <IsPartOfProject Value="True"/>
      </Unit0>
      <Unit1>
        <Filename Value="ucrypto_pbkdf2.pas"/>
        <IsPartOfProject Value="True"/>
      </Unit1>
      <Unit2>
        <Filename Value="uwizard.pas"/>
        <IsPartOfProject Value="True"/>
        <ComponentName Value="Wizard"/>
        <HasResources Value="True"/>
        <ResourceBaseClass Value="Form"/>
      </Unit2>
      <Unit3>
        <Filename Value="uwizardconfigconsole.pas"/>
        <IsPartOfProject Value="True"/>
        <ComponentName Value="WizardConfigConsole"/>
        <HasResources Value="True"/>
        <ResourceBaseClass Value="Form"/>
      </Unit3>
      <Unit4>
        <Filename Value="uwizardconfigserver.pas"/>
        <IsPartOfProject Value="True"/>
        <ComponentName Value="WizardConfigServer"/>
        <HasResources Value="True"/>
        <ResourceBaseClass Value="Form"/>
      </Unit4>
      <Unit5>
        <Filename Value="uwizardstepframe.pas"/>
        <IsPartOfProject Value="True"/>
        <ComponentName Value="WizardStepFrame"/>
        <HasResources Value="True"/>
        <ResourceBaseClass Value="Frame"/>
      </Unit5>
      <Unit6>
        <Filename Value="uwizardutil.pas"/>
        <IsPartOfProject Value="True"/>
      </Unit6>
      <Unit7>
        <Filename Value="uwizardvalidattion.pas"/>
        <IsPartOfProject Value="True"/>
      </Unit7>
      <Unit8>
        <Filename Value="..\waptconsole\dmwaptpython.pas"/>
        <IsPartOfProject Value="True"/>
        <ComponentName Value="DMPython"/>
        <HasResources Value="True"/>
        <ResourceBaseClass Value="DataModule"/>
      </Unit8>
      <Unit9>
        <Filename Value="uwizardresetserverpassword.pas"/>
        <IsPartOfProject Value="True"/>
        <ComponentName Value="WizardResetServerPassword"/>
        <HasResources Value="True"/>
        <ResourceBaseClass Value="Form"/>
      </Unit9>
      <Unit10>
        <Filename Value="uwapt_ini.pas"/>
        <IsPartOfProject Value="True"/>
      </Unit10>
      <Unit11>
        <Filename Value="uwizardresetserverpassword_welcome.pas"/>
        <IsPartOfProject Value="True"/>
        <ComponentName Value="WizardResetServerPasswordWelcome"/>
        <ResourceBaseClass Value="Frame"/>
      </Unit11>
      <Unit12>
        <Filename Value="uwizardresetserverpassword_setpassword.pas"/>
        <IsPartOfProject Value="True"/>
        <ComponentName Value="WizardResetServerPasswordSetPassword"/>
        <HasResources Value="True"/>
        <ResourceBaseClass Value="Frame"/>
      </Unit12>
      <Unit13>
        <Filename Value="uwizardresetserverpassword_restartserver.pas"/>
        <IsPartOfProject Value="True"/>
        <ComponentName Value="WizardResetServerPasswordRestartServer"/>
        <HasResources Value="True"/>
        <ResourceBaseClass Value="Frame"/>
      </Unit13>
      <Unit14>
        <Filename Value="uwizardresetserverpassword_finish.pas"/>
        <IsPartOfProject Value="True"/>
        <ComponentName Value="WizardResetServerPasswordFinish"/>
        <HasResources Value="True"/>
        <ResourceBaseClass Value="Frame"/>
      </Unit14>
      <Unit15>
        <Filename Value="uwizardconfigserver_welcome.pas"/>
        <IsPartOfProject Value="True"/>
        <ComponentName Value="TWizardConfigServer_Welcome"/>
        <HasResources Value="True"/>
        <ResourceBaseClass Value="Frame"/>
      </Unit15>
      <Unit16>
        <Filename Value="uwizardconfigserver_firewall.pas"/>
        <IsPartOfProject Value="True"/>
        <HasResources Value="True"/>
      </Unit16>
      <Unit17>
        <Filename Value="uwizardconfigserver_postsetup.pas"/>
        <IsPartOfProject Value="True"/>
        <ComponentName Value="WizardConfigServer_ServerPostSetup"/>
        <HasResources Value="True"/>
        <ResourceBaseClass Value="Frame"/>
      </Unit17>
      <Unit18>
        <Filename Value="uwizardconfigconsole_buildagent.pas"/>
        <IsPartOfProject Value="True"/>
        <ComponentName Value="WizardConfigConsole_BuildAgent"/>
        <HasResources Value="True"/>
        <ResourceBaseClass Value="Frame"/>
      </Unit18>
      <Unit19>
        <Filename Value="uwizardconfigconsole_finished.pas"/>
        <IsPartOfProject Value="True"/>
        <HasResources Value="True"/>
      </Unit19>
      <Unit20>
        <Filename Value="uwizardconfigconsole_server.pas"/>
        <IsPartOfProject Value="True"/>
        <ComponentName Value="WizardConfigConsole_Server"/>
        <HasResources Value="True"/>
        <ResourceBaseClass Value="Frame"/>
      </Unit20>
      <Unit21>
        <Filename Value="uwizardconfigconsole_welcome.pas"/>
        <IsPartOfProject Value="True"/>
        <HasResources Value="True"/>
      </Unit21>
      <Unit22>
        <Filename Value="uwizardconfigconsole_package_create_new_key.pas"/>
        <IsPartOfProject Value="True"/>
        <ComponentName Value="WizardConfigConsole_PackageCreateNewKey"/>
        <HasResources Value="True"/>
        <ResourceBaseClass Value="Frame"/>
      </Unit22>
      <Unit23>
        <Filename Value="uwizardconfigserver_console.pas"/>
        <IsPartOfProject Value="True"/>
        <ComponentName Value="WizardConfigServer_Console"/>
        <HasResources Value="True"/>
        <ResourceBaseClass Value="Frame"/>
      </Unit23>
      <Unit24>
        <Filename Value="uwizardconfigserver_finish.pas"/>
        <IsPartOfProject Value="True"/>
        <HasResources Value="True"/>
      </Unit24>
      <Unit25>
        <Filename Value="uwizardconfigserver_data.pas"/>
        <IsPartOfProject Value="True"/>
      </Unit25>
      <Unit26>
        <Filename Value="uwizardresetserverpassword_data.pas"/>
        <IsPartOfProject Value="True"/>
      </Unit26>
      <Unit27>
        <Filename Value="uwizardconfigconsole_package_use_existing_key.pas"/>
        <IsPartOfProject Value="True"/>
        <ComponentName Value="WizardConfigConsole_PackageUseExistingKey"/>
        <HasResources Value="True"/>
        <ResourceBaseClass Value="Frame"/>
      </Unit27>
      <Unit28>
        <Filename Value="uwizardconfigconsole_data.pas"/>
        <IsPartOfProject Value="True"/>
      </Unit28>
      <Unit29>
        <Filename Value="uwizardconfigserver_console_server.pas"/>
        <IsPartOfProject Value="True"/>
        <ComponentName Value="WizardConfigserver_Console_Server"/>
        <HasResources Value="True"/>
        <ResourceBaseClass Value="Frame"/>
      </Unit29>
      <Unit30>
        <Filename Value="uwizardconfigserver_console_buildagent.pas"/>
        <IsPartOfProject Value="True"/>
        <ComponentName Value="WizardConfigServer_Console_BuildAgent"/>
        <HasResources Value="True"/>
        <ResourceBaseClass Value="Frame"/>
      </Unit30>
      <Unit31>
        <Filename Value="uwizardconfigserver_console_keyoption.pas"/>
        <IsPartOfProject Value="True"/>
        <ComponentName Value="WizardConfigServer_Console_KeyOption"/>
        <HasResources Value="True"/>
        <ResourceBaseClass Value="Frame"/>
      </Unit31>
      <Unit32>
        <Filename Value="uwizardconfigserver_console_package_create_new_key.pas"/>
        <IsPartOfProject Value="True"/>
        <ComponentName Value="WizardConfigServer_Console_PackageCreateNewKey"/>
        <HasResources Value="True"/>
        <ResourceBaseClass Value="Frame"/>
      </Unit32>
      <Unit33>
        <Filename Value="uwizardconfigserver_console_package_use_existing_key.pas"/>
        <IsPartOfProject Value="True"/>
        <ComponentName Value="WizardConfigServer_Console_PackageUseExistingKey"/>
        <HasResources Value="True"/>
        <ResourceBaseClass Value="Frame"/>
      </Unit33>
      <Unit34>
        <Filename Value="uwizardconfigserver_password.pas"/>
        <IsPartOfProject Value="True"/>
        <ComponentName Value="WizardConfigServer_Password"/>
        <HasResources Value="True"/>
        <ResourceBaseClass Value="Frame"/>
      </Unit34>
      <Unit35>
        <Filename Value="uwizardconfigconsole_keyoption.pas"/>
        <IsPartOfProject Value="True"/>
        <ComponentName Value="WizardConfigConsole_KeyOption"/>
        <HasResources Value="True"/>
        <ResourceBaseClass Value="Frame"/>
      </Unit35>
    </Units>
  </ProjectOptions>
  <CompilerOptions>
    <Version Value="11"/>
    <PathDelim Value="\"/>
    <Target>
      <Filename Value="..\waptwizard"/>
    </Target>
    <SearchPaths>
      <IncludeFiles Value="$(ProjOutDir)"/>
      <OtherUnitFiles Value="..\waptconsole"/>
      <UnitOutputDirectory Value="lib\$(TargetCPU)-$(TargetOS)"/>
    </SearchPaths>
    <Linking>
      <Debugging>
        <UseExternalDbgSyms Value="True"/>
      </Debugging>
      <Options>
        <Win32>
          <GraphicApplication Value="True"/>
        </Win32>
      </Options>
    </Linking>
    <Other>
      <CustomOptions Value="-dUseCThreads -dENTERPRISE"/>
    </Other>
  </CompilerOptions>
  <Debugging>
    <Exceptions Count="3">
      <Item1>
        <Name Value="EIdSocketError"/>
      </Item1>
      <Item2>
        <Name Value="EIdDnsResolverError"/>
      </Item2>
      <Item3>
        <Name Value="EIdHTTPProtocolException"/>
      </Item3>
    </Exceptions>
  </Debugging>
</CONFIG>
