<?xml version="1.0" encoding="UTF-8"?>
<CONFIG>
  <ProjectOptions>
    <Version Value="10"/>
    <PathDelim Value="\"/>
    <General>
      <SessionStorage Value="InProjectDir"/>
      <MainUnit Value="0"/>
      <Title Value="waptself"/>
      <Scaled Value="True"/>
      <UseAppBundle Value="False"/>
      <ResourceType Value="res"/>
      <UseXPManifest Value="True"/>
      <XPManifest>
        <DpiAware Value="True"/>
        <TextName Value="WAPT Self Service"/>
        <TextDesc Value=""/>
      </XPManifest>
      <Icon Value="0"/>
      <Resources Count="14">
        <Resource_0 FileName="..\arts\iconsself\plus2.png" Type="RCDATA" ResourceName="PLUS2"/>
        <Resource_1 FileName="..\arts\iconsself\plus-bleu-fonce.png" Type="RCDATA" ResourceName="PLUS-BLEU-FONCE"/>
        <Resource_2 FileName="..\arts\iconsself\moins-bleu.png" Type="RCDATA" ResourceName="MOINS-BLEU"/>
        <Resource_3 FileName="..\arts\iconsself\moins-blanc.png" Type="RCDATA" ResourceName="MOINS-BLANC"/>
        <Resource_4 FileName="..\arts\iconsself\cross_15_px.png" Type="RCDATA" ResourceName="CROSS_15_PX"/>
        <Resource_5 FileName="..\arts\iconsself\loupe-15px.png" Type="RCDATA" ResourceName="LOUPE-15PX"/>
        <Resource_6 FileName="..\arts\iconsself\Settings.png" Type="RCDATA" ResourceName="SETTINGS"/>
        <Resource_7 FileName="..\arts\iconsself\Settings_2.png" Type="RCDATA" ResourceName="SETTINGS_GREY"/>
        <Resource_8 FileName="..\arts\iconsself\fleche-droite-20px.png" Type="RCDATA" ResourceName="FLECHE-DROITE-20PX"/>
        <Resource_9 FileName="..\arts\iconsself\fleche-droite-blanche-20px.png" Type="RCDATA" ResourceName="FLECHE-DROITE-BLANCHE-20PX"/>
        <Resource_10 FileName="..\arts\iconsself\fleche-gauche-20px.png" Type="RCDATA" ResourceName="FLECHE-GAUCHE-20PX"/>
        <Resource_11 FileName="..\arts\iconsself\fleche-gauche-blanche-20px.png" Type="RCDATA" ResourceName="FLECHE-GAUCHE-BLANCHE-20PX"/>
        <Resource_12 FileName="..\arts\self-service-enterprise-200px.png" Type="RCDATA" ResourceName="SELF-SERVICE-ENTERPRISE-200PX"/>
        <Resource_13 FileName="..\arts\self-service-enterprise-400px.png" Type="RCDATA" ResourceName="SELF-SERVICE-ENTERPRISE-400PX"/>
      </Resources>
    </General>
    <i18n>
      <EnableI18N Value="True"/>
      <OutDir Value="..\languages"/>
    </i18n>
    <VersionInfo>
      <UseVersionInfo Value="True"/>
      <MajorVersionNr Value="1"/>
      <MinorVersionNr Value="7"/>
      <RevisionNr Value="4"/>
      <BuildNr Value="9000"/>
      <StringTable CompanyName="Tranquil IT Systems" LegalCopyright="Tranquil IT Systems 2012-2019" ProductName="WAPT Enterprise Edition" ProductVersion="1.7.4"/>
    </VersionInfo>
    <BuildModes Count="1">
      <Item1 Name="Default" Default="True"/>
    </BuildModes>
    <PublishOptions>
      <Version Value="2"/>
    </PublishOptions>
    <RunParams>
      <local>
        <FormatVersion Value="1"/>
        <Display Value=":1"/>
      </local>
    </RunParams>
    <RequiredPackages Count="7">
      <Item1>
        <PackageName Value="pltis_sogrid"/>
      </Item1>
      <Item2>
        <PackageName Value="pltis_wapt"/>
      </Item2>
      <Item3>
        <PackageName Value="RunTimeTypeInfoControls"/>
      </Item3>
      <Item4>
        <PackageName Value="BGRAControlsFX"/>
      </Item4>
      <Item5>
        <PackageName Value="bgracontrols"/>
      </Item5>
      <Item6>
        <PackageName Value="luicontrols"/>
      </Item6>
      <Item7>
        <PackageName Value="LCL"/>
      </Item7>
    </RequiredPackages>
    <Units Count="9">
      <Unit0>
        <Filename Value="waptself.lpr"/>
        <IsPartOfProject Value="True"/>
        <UnitName Value="WaptSelf"/>
      </Unit0>
      <Unit1>
        <Filename Value="uviswaptself.pas"/>
        <IsPartOfProject Value="True"/>
        <ComponentName Value="VisWaptSelf"/>
        <HasResources Value="True"/>
        <ResourceBaseClass Value="Form"/>
        <UnitName Value="uVisWaptSelf"/>
      </Unit1>
      <Unit2>
        <Filename Value="uvislogin.pas"/>
        <IsPartOfProject Value="True"/>
        <ComponentName Value="VisLogin"/>
        <HasResources Value="True"/>
        <ResourceBaseClass Value="Form"/>
        <UnitName Value="uVisLogin"/>
      </Unit2>
      <Unit3>
        <Filename Value="ufrmpackage.pas"/>
        <IsPartOfProject Value="True"/>
        <ComponentName Value="FrmPackage"/>
        <HasResources Value="True"/>
        <ResourceBaseClass Value="Frame"/>
        <UnitName Value="uFrmPackage"/>
      </Unit3>
      <Unit4>
        <Filename Value="uwaptselfres.pas"/>
        <IsPartOfProject Value="True"/>
        <UnitName Value="uWaptSelfRes"/>
      </Unit4>
      <Unit5>
        <Filename Value="ufrmdetailspackage.pas"/>
        <IsPartOfProject Value="True"/>
        <ComponentName Value="FrmDetailsPackage"/>
        <HasResources Value="True"/>
        <ResourceBaseClass Value="Frame"/>
        <UnitName Value="uFrmDetailsPackage"/>
      </Unit5>
      <Unit6>
        <Filename Value="uvissettings.pas"/>
        <IsPartOfProject Value="True"/>
        <ComponentName Value="VisSettings"/>
        <HasResources Value="True"/>
        <ResourceBaseClass Value="Form"/>
        <UnitName Value="uVisSettings"/>
      </Unit6>
      <Unit7>
        <Filename Value="ufrmnextprevious.pas"/>
        <IsPartOfProject Value="True"/>
        <ComponentName Value="FrmNextPrevious"/>
        <HasResources Value="True"/>
        <ResourceBaseClass Value="Frame"/>
        <UnitName Value="uFrmNextPrevious"/>
      </Unit7>
      <Unit8>
        <Filename Value="udmwaptself.pas"/>
        <IsPartOfProject Value="True"/>
        <ComponentName Value="DMWaptSelf"/>
        <HasResources Value="True"/>
        <ResourceBaseClass Value="DataModule"/>
        <UnitName Value="uDMWaptSelf"/>
      </Unit8>
    </Units>
  </ProjectOptions>
  <CompilerOptions>
    <Version Value="11"/>
    <PathDelim Value="\"/>
    <Target>
      <Filename Value="..\waptself"/>
    </Target>
    <SearchPaths>
      <IncludeFiles Value="$(ProjOutDir)"/>
      <UnitOutputDirectory Value="lib\$(TargetCPU)-$(TargetOS)"/>
    </SearchPaths>
    <Linking>
      <Debugging>
        <UseExternalDbgSyms Value="True"/>
      </Debugging>
      <Options>
        <Win32>
          <GraphicApplication Value="True"/>
        </Win32>
      </Options>
    </Linking>
    <Other>
      <CustomOptions Value="-dENTERPRISE"/>
    </Other>
  </CompilerOptions>
  <Debugging>
    <Exceptions Count="5">
      <Item1>
        <Name Value="EIdSocketError"/>
      </Item1>
      <Item2>
        <Name Value="EIdHTTPProtocolException"/>
      </Item2>
      <Item3>
        <Name Value="FPImageException"/>
      </Item3>
      <Item4>
        <Name Value="EFOpenError"/>
      </Item4>
      <Item5>
        <Name Value="EFCreateError"/>
      </Item5>
    </Exceptions>
  </Debugging>
</CONFIG>
